// !$*UTF8*$!
{
	archiveVersion = 1;
	classes = {
	};
	objectVersion = 50;
	objects = {

/* Begin PBXBuildFile section */
		9744CE6120FF155A00EBD3DE /* BaseVC.swift in Sources */ = {isa = PBXBuildFile; fileRef = 9744CE6020FF155A00EBD3DE /* BaseVC.swift */; };
		9744CE6320FF172600EBD3DE /* GifBGVC.swift in Sources */ = {isa = PBXBuildFile; fileRef = 9744CE6220FF172600EBD3DE /* GifBGVC.swift */; };
		9744CE6520FF173F00EBD3DE /* RotaryTableVC.swift in Sources */ = {isa = PBXBuildFile; fileRef = 9744CE6420FF173F00EBD3DE /* RotaryTableVC.swift */; };
		975386BA21660A4800B5BE32 /* MetalVC.swift in Sources */ = {isa = PBXBuildFile; fileRef = 975386B921660A4800B5BE32 /* MetalVC.swift */; };
		975386BC2166137D00B5BE32 /* Shader.metal in Sources */ = {isa = PBXBuildFile; fileRef = 975386BB2166137D00B5BE32 /* Shader.metal */; };
		975386BE216613DC00B5BE32 /* FragmentShader.metal in Sources */ = {isa = PBXBuildFile; fileRef = 975386BD216613DC00B5BE32 /* FragmentShader.metal */; };
		9772816E20D0AC88004E8E4F /* TransitionVC.swift in Sources */ = {isa = PBXBuildFile; fileRef = 9772816C20D0AC88004E8E4F /* TransitionVC.swift */; };
		9772816F20D0AC88004E8E4F /* TransitionVC.xib in Resources */ = {isa = PBXBuildFile; fileRef = 9772816D20D0AC88004E8E4F /* TransitionVC.xib */; };
		9783B8DE20CD12AD00E30FD7 /* AppDelegate.swift in Sources */ = {isa = PBXBuildFile; fileRef = 9783B8DD20CD12AD00E30FD7 /* AppDelegate.swift */; };
		9783B8E020CD12AD00E30FD7 /* ViewController.swift in Sources */ = {isa = PBXBuildFile; fileRef = 9783B8DF20CD12AD00E30FD7 /* ViewController.swift */; };
		9783B8E320CD12AD00E30FD7 /* Main.storyboard in Resources */ = {isa = PBXBuildFile; fileRef = 9783B8E120CD12AD00E30FD7 /* Main.storyboard */; };
		9783B8E520CD12AF00E30FD7 /* Assets.xcassets in Resources */ = {isa = PBXBuildFile; fileRef = 9783B8E420CD12AF00E30FD7 /* Assets.xcassets */; };
		9783B8E820CD12AF00E30FD7 /* LaunchScreen.storyboard in Resources */ = {isa = PBXBuildFile; fileRef = 9783B8E620CD12AF00E30FD7 /* LaunchScreen.storyboard */; };
		9783B8F320CD1D4B00E30FD7 /* CALayerVC.swift in Sources */ = {isa = PBXBuildFile; fileRef = 9783B8F120CD1D4B00E30FD7 /* CALayerVC.swift */; };
		9783B8F420CD1D4B00E30FD7 /* CALayerVC.xib in Resources */ = {isa = PBXBuildFile; fileRef = 9783B8F220CD1D4B00E30FD7 /* CALayerVC.xib */; };
		9783B8F720CD1D6800E30FD7 /* CoreAnimationVC.swift in Sources */ = {isa = PBXBuildFile; fileRef = 9783B8F520CD1D6800E30FD7 /* CoreAnimationVC.swift */; };
		9783B8F820CD1D6800E30FD7 /* CoreAnimationVC.xib in Resources */ = {isa = PBXBuildFile; fileRef = 9783B8F620CD1D6800E30FD7 /* CoreAnimationVC.xib */; };
		9783B8FB20CD1E2F00E30FD7 /* Router.swift in Sources */ = {isa = PBXBuildFile; fileRef = 9783B8FA20CD1E2F00E30FD7 /* Router.swift */; };
		9783B90320CD341E00E30FD7 /* MVVMVC.swift in Sources */ = {isa = PBXBuildFile; fileRef = 9783B90120CD341E00E30FD7 /* MVVMVC.swift */; };
		9783B90420CD341E00E30FD7 /* MVVMVC.xib in Resources */ = {isa = PBXBuildFile; fileRef = 9783B90220CD341E00E30FD7 /* MVVMVC.xib */; };
		AF7FA3E12181A052001BB669 /* SceneKitVC.swift in Sources */ = {isa = PBXBuildFile; fileRef = AF7FA3E02181A052001BB669 /* SceneKitVC.swift */; };
		AF7FA3E52181AACA001BB669 /* SceneKit.framework in Frameworks */ = {isa = PBXBuildFile; fileRef = AF7FA3E42181AACA001BB669 /* SceneKit.framework */; };
/* End PBXBuildFile section */

/* Begin PBXFileReference section */
		9744CE6020FF155A00EBD3DE /* BaseVC.swift */ = {isa = PBXFileReference; lastKnownFileType = sourcecode.swift; path = BaseVC.swift; sourceTree = "<group>"; };
		9744CE6220FF172600EBD3DE /* GifBGVC.swift */ = {isa = PBXFileReference; lastKnownFileType = sourcecode.swift; path = GifBGVC.swift; sourceTree = "<group>"; };
		9744CE6420FF173F00EBD3DE /* RotaryTableVC.swift */ = {isa = PBXFileReference; lastKnownFileType = sourcecode.swift; path = RotaryTableVC.swift; sourceTree = "<group>"; };
		975386B921660A4800B5BE32 /* MetalVC.swift */ = {isa = PBXFileReference; lastKnownFileType = sourcecode.swift; path = MetalVC.swift; sourceTree = "<group>"; };
		975386BB2166137D00B5BE32 /* Shader.metal */ = {isa = PBXFileReference; lastKnownFileType = sourcecode.metal; path = Shader.metal; sourceTree = "<group>"; };
		975386BD216613DC00B5BE32 /* FragmentShader.metal */ = {isa = PBXFileReference; lastKnownFileType = sourcecode.metal; path = FragmentShader.metal; sourceTree = "<group>"; };
		9772816C20D0AC88004E8E4F /* TransitionVC.swift */ = {isa = PBXFileReference; lastKnownFileType = sourcecode.swift; path = TransitionVC.swift; sourceTree = "<group>"; };
		9772816D20D0AC88004E8E4F /* TransitionVC.xib */ = {isa = PBXFileReference; lastKnownFileType = file.xib; path = TransitionVC.xib; sourceTree = "<group>"; };
		9783B8DA20CD12AD00E30FD7 /* Demo.app */ = {isa = PBXFileReference; explicitFileType = wrapper.application; includeInIndex = 0; path = Demo.app; sourceTree = BUILT_PRODUCTS_DIR; };
		9783B8DD20CD12AD00E30FD7 /* AppDelegate.swift */ = {isa = PBXFileReference; lastKnownFileType = sourcecode.swift; path = AppDelegate.swift; sourceTree = "<group>"; };
		9783B8DF20CD12AD00E30FD7 /* ViewController.swift */ = {isa = PBXFileReference; lastKnownFileType = sourcecode.swift; path = ViewController.swift; sourceTree = "<group>"; };
		9783B8E220CD12AD00E30FD7 /* Base */ = {isa = PBXFileReference; lastKnownFileType = file.storyboard; name = Base; path = Base.lproj/Main.storyboard; sourceTree = "<group>"; };
		9783B8E420CD12AF00E30FD7 /* Assets.xcassets */ = {isa = PBXFileReference; lastKnownFileType = folder.assetcatalog; path = Assets.xcassets; sourceTree = "<group>"; };
		9783B8E720CD12AF00E30FD7 /* Base */ = {isa = PBXFileReference; lastKnownFileType = file.storyboard; name = Base; path = Base.lproj/LaunchScreen.storyboard; sourceTree = "<group>"; };
		9783B8E920CD12AF00E30FD7 /* Info.plist */ = {isa = PBXFileReference; lastKnownFileType = text.plist.xml; path = Info.plist; sourceTree = "<group>"; };
		9783B8F120CD1D4B00E30FD7 /* CALayerVC.swift */ = {isa = PBXFileReference; lastKnownFileType = sourcecode.swift; path = CALayerVC.swift; sourceTree = "<group>"; };
		9783B8F220CD1D4B00E30FD7 /* CALayerVC.xib */ = {isa = PBXFileReference; lastKnownFileType = file.xib; path = CALayerVC.xib; sourceTree = "<group>"; };
		9783B8F520CD1D6800E30FD7 /* CoreAnimationVC.swift */ = {isa = PBXFileReference; lastKnownFileType = sourcecode.swift; path = CoreAnimationVC.swift; sourceTree = "<group>"; };
		9783B8F620CD1D6800E30FD7 /* CoreAnimationVC.xib */ = {isa = PBXFileReference; lastKnownFileType = file.xib; path = CoreAnimationVC.xib; sourceTree = "<group>"; };
		9783B8FA20CD1E2F00E30FD7 /* Router.swift */ = {isa = PBXFileReference; lastKnownFileType = sourcecode.swift; path = Router.swift; sourceTree = "<group>"; };
		9783B90120CD341E00E30FD7 /* MVVMVC.swift */ = {isa = PBXFileReference; lastKnownFileType = sourcecode.swift; path = MVVMVC.swift; sourceTree = "<group>"; };
		9783B90220CD341E00E30FD7 /* MVVMVC.xib */ = {isa = PBXFileReference; lastKnownFileType = file.xib; path = MVVMVC.xib; sourceTree = "<group>"; };
		AF7FA3E02181A052001BB669 /* SceneKitVC.swift */ = {isa = PBXFileReference; lastKnownFileType = sourcecode.swift; path = SceneKitVC.swift; sourceTree = "<group>"; };
		AF7FA3E22181A7AB001BB669 /* Demo-Bridging-Header.h */ = {isa = PBXFileReference; lastKnownFileType = sourcecode.c.h; path = "Demo-Bridging-Header.h"; sourceTree = "<group>"; };
		AF7FA3E42181AACA001BB669 /* SceneKit.framework */ = {isa = PBXFileReference; lastKnownFileType = wrapper.framework; name = SceneKit.framework; path = System/Library/Frameworks/SceneKit.framework; sourceTree = SDKROOT; };
/* End PBXFileReference section */

/* Begin PBXFrameworksBuildPhase section */
		9783B8D720CD12AD00E30FD7 /* Frameworks */ = {
			isa = PBXFrameworksBuildPhase;
			buildActionMask = 2147483647;
			files = (
				AF7FA3E52181AACA001BB669 /* SceneKit.framework in Frameworks */,
			);
			runOnlyForDeploymentPostprocessing = 0;
		};
/* End PBXFrameworksBuildPhase section */

/* Begin PBXGroup section */
		9744CE5D20FF126B00EBD3DE /* RotaryTable */ = {
			isa = PBXGroup;
			children = (
				9744CE6420FF173F00EBD3DE /* RotaryTableVC.swift */,
			);
			path = RotaryTable;
			sourceTree = "<group>";
		};
		9744CE5E20FF13A000EBD3DE /* GifBG */ = {
			isa = PBXGroup;
			children = (
				9744CE6220FF172600EBD3DE /* GifBGVC.swift */,
			);
			path = GifBG;
			sourceTree = "<group>";
		};
		9744CE5F20FF153000EBD3DE /* BaseObject */ = {
			isa = PBXGroup;
			children = (
				9744CE6020FF155A00EBD3DE /* BaseVC.swift */,
			);
			path = BaseObject;
			sourceTree = "<group>";
		};
		975386B62166096500B5BE32 /* Metal */ = {
			isa = PBXGroup;
			children = (
				975386B921660A4800B5BE32 /* MetalVC.swift */,
				975386BB2166137D00B5BE32 /* Shader.metal */,
				975386BD216613DC00B5BE32 /* FragmentShader.metal */,
			);
			path = Metal;
			sourceTree = "<group>";
		};
		9772816220D0A177004E8E4F /* Transition */ = {
			isa = PBXGroup;
			children = (
				9772816320D0A18E004E8E4F /* Controller */,
			);
			path = Transition;
			sourceTree = "<group>";
		};
		9772816320D0A18E004E8E4F /* Controller */ = {
			isa = PBXGroup;
			children = (
				9772816C20D0AC88004E8E4F /* TransitionVC.swift */,
				9772816D20D0AC88004E8E4F /* TransitionVC.xib */,
			);
			path = Controller;
			sourceTree = "<group>";
		};
		9772816820D0A321004E8E4F /* PrefectTableView */ = {
			isa = PBXGroup;
			children = (
			);
			path = PrefectTableView;
			sourceTree = "<group>";
		};
		9772816920D0A844004E8E4F /* GCD */ = {
			isa = PBXGroup;
			children = (
			);
			path = GCD;
			sourceTree = "<group>";
		};
		9772816A20D0AB06004E8E4F /* Runtime */ = {
			isa = PBXGroup;
			children = (
				9772816B20D0AB10004E8E4F /* MethodSwizzing */,
			);
			path = Runtime;
			sourceTree = "<group>";
		};
		9772816B20D0AB10004E8E4F /* MethodSwizzing */ = {
			isa = PBXGroup;
			children = (
			);
			path = MethodSwizzing;
			sourceTree = "<group>";
		};
		9772817020DD3B32004E8E4F /* AFN */ = {
			isa = PBXGroup;
			children = (
			);
			path = AFN;
			sourceTree = "<group>";
		};
		9783B8D120CD12AD00E30FD7 = {
			isa = PBXGroup;
			children = (
				9783B8DC20CD12AD00E30FD7 /* Demo */,
				9783B8DB20CD12AD00E30FD7 /* Products */,
				AF7FA3E32181AACA001BB669 /* Frameworks */,
			);
			sourceTree = "<group>";
		};
		9783B8DB20CD12AD00E30FD7 /* Products */ = {
			isa = PBXGroup;
			children = (
				9783B8DA20CD12AD00E30FD7 /* Demo.app */,
			);
			name = Products;
			sourceTree = "<group>";
		};
		9783B8DC20CD12AD00E30FD7 /* Demo */ = {
			isa = PBXGroup;
			children = (
				AF7FA3DF21819FF0001BB669 /* SceneKit */,
				975386B62166096500B5BE32 /* Metal */,
				9744CE5F20FF153000EBD3DE /* BaseObject */,
				9744CE5E20FF13A000EBD3DE /* GifBG */,
				9744CE5D20FF126B00EBD3DE /* RotaryTable */,
				9772817020DD3B32004E8E4F /* AFN */,
				9772816A20D0AB06004E8E4F /* Runtime */,
				9772816920D0A844004E8E4F /* GCD */,
				9772816820D0A321004E8E4F /* PrefectTableView */,
				9772816220D0A177004E8E4F /* Transition */,
				9783B8FD20CD326300E30FD7 /* MVVM */,
				9783B8F920CD1E0800E30FD7 /* Router */,
				9783B8F020CD1D2A00E30FD7 /* CALayer */,
				9783B8EF20CD1D2A00E30FD7 /* CoreAnimation */,
				9783B8DD20CD12AD00E30FD7 /* AppDelegate.swift */,
				AF7FA3E22181A7AB001BB669 /* Demo-Bridging-Header.h */,
				9783B8DF20CD12AD00E30FD7 /* ViewController.swift */,
				9783B8E120CD12AD00E30FD7 /* Main.storyboard */,
				9783B8E420CD12AF00E30FD7 /* Assets.xcassets */,
				9783B8E620CD12AF00E30FD7 /* LaunchScreen.storyboard */,
				9783B8E920CD12AF00E30FD7 /* Info.plist */,
			);
			path = Demo;
			sourceTree = "<group>";
		};
		9783B8EF20CD1D2A00E30FD7 /* CoreAnimation */ = {
			isa = PBXGroup;
			children = (
				9783B8F520CD1D6800E30FD7 /* CoreAnimationVC.swift */,
				9783B8F620CD1D6800E30FD7 /* CoreAnimationVC.xib */,
			);
			path = CoreAnimation;
			sourceTree = "<group>";
		};
		9783B8F020CD1D2A00E30FD7 /* CALayer */ = {
			isa = PBXGroup;
			children = (
				9783B8F120CD1D4B00E30FD7 /* CALayerVC.swift */,
				9783B8F220CD1D4B00E30FD7 /* CALayerVC.xib */,
			);
			path = CALayer;
			sourceTree = "<group>";
		};
		9783B8F920CD1E0800E30FD7 /* Router */ = {
			isa = PBXGroup;
			children = (
				9783B8FA20CD1E2F00E30FD7 /* Router.swift */,
			);
			path = Router;
			sourceTree = "<group>";
		};
		9783B8FD20CD326300E30FD7 /* MVVM */ = {
			isa = PBXGroup;
			children = (
				9783B8FE20CD326300E30FD7 /* ViewModel */,
				9783B8FF20CD326300E30FD7 /* Model */,
				9783B90020CD326300E30FD7 /* View */,
			);
			path = MVVM;
			sourceTree = "<group>";
		};
		9783B8FE20CD326300E30FD7 /* ViewModel */ = {
			isa = PBXGroup;
			children = (
			);
			path = ViewModel;
			sourceTree = "<group>";
		};
		9783B8FF20CD326300E30FD7 /* Model */ = {
			isa = PBXGroup;
			children = (
			);
			path = Model;
			sourceTree = "<group>";
		};
		9783B90020CD326300E30FD7 /* View */ = {
			isa = PBXGroup;
			children = (
				9783B90120CD341E00E30FD7 /* MVVMVC.swift */,
				9783B90220CD341E00E30FD7 /* MVVMVC.xib */,
			);
			path = View;
			sourceTree = "<group>";
		};
		AF7FA3DF21819FF0001BB669 /* SceneKit */ = {
			isa = PBXGroup;
			children = (
				AF7FA3E02181A052001BB669 /* SceneKitVC.swift */,
			);
			path = SceneKit;
			sourceTree = "<group>";
		};
		AF7FA3E32181AACA001BB669 /* Frameworks */ = {
			isa = PBXGroup;
			children = (
				AF7FA3E42181AACA001BB669 /* SceneKit.framework */,
			);
			name = Frameworks;
			sourceTree = "<group>";
		};
/* End PBXGroup section */

/* Begin PBXNativeTarget section */
		9783B8D920CD12AD00E30FD7 /* Demo */ = {
			isa = PBXNativeTarget;
			buildConfigurationList = 9783B8EC20CD12AF00E30FD7 /* Build configuration list for PBXNativeTarget "Demo" */;
			buildPhases = (
				9783B8D620CD12AD00E30FD7 /* Sources */,
				9783B8D720CD12AD00E30FD7 /* Frameworks */,
				9783B8D820CD12AD00E30FD7 /* Resources */,
			);
			buildRules = (
			);
			dependencies = (
			);
			name = Demo;
			productName = Demo;
			productReference = 9783B8DA20CD12AD00E30FD7 /* Demo.app */;
			productType = "com.apple.product-type.application";
		};
/* End PBXNativeTarget section */

/* Begin PBXProject section */
		9783B8D220CD12AD00E30FD7 /* Project object */ = {
			isa = PBXProject;
			attributes = {
				LastSwiftUpdateCheck = 0940;
				LastUpgradeCheck = 0940;
				ORGANIZATIONNAME = wangbo;
				TargetAttributes = {
					9783B8D920CD12AD00E30FD7 = {
						CreatedOnToolsVersion = 9.4;
					};
				};
			};
			buildConfigurationList = 9783B8D520CD12AD00E30FD7 /* Build configuration list for PBXProject "Demo" */;
			compatibilityVersion = "Xcode 9.3";
			developmentRegion = en;
			hasScannedForEncodings = 0;
			knownRegions = (
				en,
				Base,
			);
			mainGroup = 9783B8D120CD12AD00E30FD7;
			productRefGroup = 9783B8DB20CD12AD00E30FD7 /* Products */;
			projectDirPath = "";
			projectRoot = "";
			targets = (
				9783B8D920CD12AD00E30FD7 /* Demo */,
			);
		};
/* End PBXProject section */

/* Begin PBXResourcesBuildPhase section */
		9783B8D820CD12AD00E30FD7 /* Resources */ = {
			isa = PBXResourcesBuildPhase;
			buildActionMask = 2147483647;
			files = (
				9783B8F420CD1D4B00E30FD7 /* CALayerVC.xib in Resources */,
				9783B8E820CD12AF00E30FD7 /* LaunchScreen.storyboard in Resources */,
				9783B8E520CD12AF00E30FD7 /* Assets.xcassets in Resources */,
				9772816F20D0AC88004E8E4F /* TransitionVC.xib in Resources */,
				9783B8F820CD1D6800E30FD7 /* CoreAnimationVC.xib in Resources */,
				9783B90420CD341E00E30FD7 /* MVVMVC.xib in Resources */,
				9783B8E320CD12AD00E30FD7 /* Main.storyboard in Resources */,
			);
			runOnlyForDeploymentPostprocessing = 0;
		};
/* End PBXResourcesBuildPhase section */

/* Begin PBXSourcesBuildPhase section */
		9783B8D620CD12AD00E30FD7 /* Sources */ = {
			isa = PBXSourcesBuildPhase;
			buildActionMask = 2147483647;
			files = (
				975386BC2166137D00B5BE32 /* Shader.metal in Sources */,
				9772816E20D0AC88004E8E4F /* TransitionVC.swift in Sources */,
				9783B90320CD341E00E30FD7 /* MVVMVC.swift in Sources */,
				9783B8E020CD12AD00E30FD7 /* ViewController.swift in Sources */,
				9744CE6120FF155A00EBD3DE /* BaseVC.swift in Sources */,
				9783B8F320CD1D4B00E30FD7 /* CALayerVC.swift in Sources */,
				9744CE6320FF172600EBD3DE /* GifBGVC.swift in Sources */,
				9783B8FB20CD1E2F00E30FD7 /* Router.swift in Sources */,
				9783B8F720CD1D6800E30FD7 /* CoreAnimationVC.swift in Sources */,
				9744CE6520FF173F00EBD3DE /* RotaryTableVC.swift in Sources */,
				AF7FA3E12181A052001BB669 /* SceneKitVC.swift in Sources */,
				975386BE216613DC00B5BE32 /* FragmentShader.metal in Sources */,
				9783B8DE20CD12AD00E30FD7 /* AppDelegate.swift in Sources */,
				975386BA21660A4800B5BE32 /* MetalVC.swift in Sources */,
			);
			runOnlyForDeploymentPostprocessing = 0;
		};
/* End PBXSourcesBuildPhase section */

/* Begin PBXVariantGroup section */
		9783B8E120CD12AD00E30FD7 /* Main.storyboard */ = {
			isa = PBXVariantGroup;
			children = (
				9783B8E220CD12AD00E30FD7 /* Base */,
			);
			name = Main.storyboard;
			sourceTree = "<group>";
		};
		9783B8E620CD12AF00E30FD7 /* LaunchScreen.storyboard */ = {
			isa = PBXVariantGroup;
			children = (
				9783B8E720CD12AF00E30FD7 /* Base */,
			);
			name = LaunchScreen.storyboard;
			sourceTree = "<group>";
		};
/* End PBXVariantGroup section */

/* Begin XCBuildConfiguration section */
		9783B8EA20CD12AF00E30FD7 /* Debug */ = {
			isa = XCBuildConfiguration;
			buildSettings = {
				ALWAYS_SEARCH_USER_PATHS = NO;
				CLANG_ANALYZER_NONNULL = YES;
				CLANG_ANALYZER_NUMBER_OBJECT_CONVERSION = YES_AGGRESSIVE;
				CLANG_CXX_LANGUAGE_STANDARD = "gnu++14";
				CLANG_CXX_LIBRARY = "libc++";
				CLANG_ENABLE_MODULES = YES;
				CLANG_ENABLE_OBJC_ARC = YES;
				CLANG_ENABLE_OBJC_WEAK = YES;
				CLANG_WARN_BLOCK_CAPTURE_AUTORELEASING = YES;
				CLANG_WARN_BOOL_CONVERSION = YES;
				CLANG_WARN_COMMA = YES;
				CLANG_WARN_CONSTANT_CONVERSION = YES;
				CLANG_WARN_DEPRECATED_OBJC_IMPLEMENTATIONS = YES;
				CLANG_WARN_DIRECT_OBJC_ISA_USAGE = YES_ERROR;
				CLANG_WARN_DOCUMENTATION_COMMENTS = YES;
				CLANG_WARN_EMPTY_BODY = YES;
				CLANG_WARN_ENUM_CONVERSION = YES;
				CLANG_WARN_INFINITE_RECURSION = YES;
				CLANG_WARN_INT_CONVERSION = YES;
				CLANG_WARN_NON_LITERAL_NULL_CONVERSION = YES;
				CLANG_WARN_OBJC_IMPLICIT_RETAIN_SELF = YES;
				CLANG_WARN_OBJC_LITERAL_CONVERSION = YES;
				CLANG_WARN_OBJC_ROOT_CLASS = YES_ERROR;
				CLANG_WARN_RANGE_LOOP_ANALYSIS = YES;
				CLANG_WARN_STRICT_PROTOTYPES = YES;
				CLANG_WARN_SUSPICIOUS_MOVE = YES;
				CLANG_WARN_UNGUARDED_AVAILABILITY = YES_AGGRESSIVE;
				CLANG_WARN_UNREACHABLE_CODE = YES;
				CLANG_WARN__DUPLICATE_METHOD_MATCH = YES;
				CODE_SIGN_IDENTITY = "iPhone Developer";
				COPY_PHASE_STRIP = NO;
				DEBUG_INFORMATION_FORMAT = dwarf;
				ENABLE_STRICT_OBJC_MSGSEND = YES;
				ENABLE_TESTABILITY = YES;
				GCC_C_LANGUAGE_STANDARD = gnu11;
				GCC_DYNAMIC_NO_PIC = NO;
				GCC_NO_COMMON_BLOCKS = YES;
				GCC_OPTIMIZATION_LEVEL = 0;
				GCC_PREPROCESSOR_DEFINITIONS = (
					"DEBUG=1",
					"$(inherited)",
				);
				GCC_WARN_64_TO_32_BIT_CONVERSION = YES;
				GCC_WARN_ABOUT_RETURN_TYPE = YES_ERROR;
				GCC_WARN_UNDECLARED_SELECTOR = YES;
				GCC_WARN_UNINITIALIZED_AUTOS = YES_AGGRESSIVE;
				GCC_WARN_UNUSED_FUNCTION = YES;
				GCC_WARN_UNUSED_VARIABLE = YES;
				IPHONEOS_DEPLOYMENT_TARGET = 11.4;
				MTL_ENABLE_DEBUG_INFO = YES;
				ONLY_ACTIVE_ARCH = YES;
				SDKROOT = iphoneos;
				SWIFT_ACTIVE_COMPILATION_CONDITIONS = DEBUG;
				SWIFT_OPTIMIZATION_LEVEL = "-Onone";
			};
			name = Debug;
		};
		9783B8EB20CD12AF00E30FD7 /* Release */ = {
			isa = XCBuildConfiguration;
			buildSettings = {
				ALWAYS_SEARCH_USER_PATHS = NO;
				CLANG_ANALYZER_NONNULL = YES;
				CLANG_ANALYZER_NUMBER_OBJECT_CONVERSION = YES_AGGRESSIVE;
				CLANG_CXX_LANGUAGE_STANDARD = "gnu++14";
				CLANG_CXX_LIBRARY = "libc++";
				CLANG_ENABLE_MODULES = YES;
				CLANG_ENABLE_OBJC_ARC = YES;
				CLANG_ENABLE_OBJC_WEAK = YES;
				CLANG_WARN_BLOCK_CAPTURE_AUTORELEASING = YES;
				CLANG_WARN_BOOL_CONVERSION = YES;
				CLANG_WARN_COMMA = YES;
				CLANG_WARN_CONSTANT_CONVERSION = YES;
				CLANG_WARN_DEPRECATED_OBJC_IMPLEMENTATIONS = YES;
				CLANG_WARN_DIRECT_OBJC_ISA_USAGE = YES_ERROR;
				CLANG_WARN_DOCUMENTATION_COMMENTS = YES;
				CLANG_WARN_EMPTY_BODY = YES;
				CLANG_WARN_ENUM_CONVERSION = YES;
				CLANG_WARN_INFINITE_RECURSION = YES;
				CLANG_WARN_INT_CONVERSION = YES;
				CLANG_WARN_NON_LITERAL_NULL_CONVERSION = YES;
				CLANG_WARN_OBJC_IMPLICIT_RETAIN_SELF = YES;
				CLANG_WARN_OBJC_LITERAL_CONVERSION = YES;
				CLANG_WARN_OBJC_ROOT_CLASS = YES_ERROR;
				CLANG_WARN_RANGE_LOOP_ANALYSIS = YES;
				CLANG_WARN_STRICT_PROTOTYPES = YES;
				CLANG_WARN_SUSPICIOUS_MOVE = YES;
				CLANG_WARN_UNGUARDED_AVAILABILITY = YES_AGGRESSIVE;
				CLANG_WARN_UNREACHABLE_CODE = YES;
				CLANG_WARN__DUPLICATE_METHOD_MATCH = YES;
				CODE_SIGN_IDENTITY = "iPhone Developer";
				COPY_PHASE_STRIP = NO;
				DEBUG_INFORMATION_FORMAT = "dwarf-with-dsym";
				ENABLE_NS_ASSERTIONS = NO;
				ENABLE_STRICT_OBJC_MSGSEND = YES;
				GCC_C_LANGUAGE_STANDARD = gnu11;
				GCC_NO_COMMON_BLOCKS = YES;
				GCC_WARN_64_TO_32_BIT_CONVERSION = YES;
				GCC_WARN_ABOUT_RETURN_TYPE = YES_ERROR;
				GCC_WARN_UNDECLARED_SELECTOR = YES;
				GCC_WARN_UNINITIALIZED_AUTOS = YES_AGGRESSIVE;
				GCC_WARN_UNUSED_FUNCTION = YES;
				GCC_WARN_UNUSED_VARIABLE = YES;
				IPHONEOS_DEPLOYMENT_TARGET = 11.4;
				MTL_ENABLE_DEBUG_INFO = NO;
				SDKROOT = iphoneos;
				SWIFT_COMPILATION_MODE = wholemodule;
				SWIFT_OPTIMIZATION_LEVEL = "-O";
				VALIDATE_PRODUCT = YES;
			};
			name = Release;
		};
		9783B8ED20CD12AF00E30FD7 /* Debug */ = {
			isa = XCBuildConfiguration;
			buildSettings = {
				ASSETCATALOG_COMPILER_APPICON_NAME = AppIcon;
				CODE_SIGN_STYLE = Automatic;
				DEVELOPMENT_TEAM = SLU2Z8YYU3;
				INFOPLIST_FILE = Demo/Info.plist;
				IPHONEOS_DEPLOYMENT_TARGET = 11.2;
				LD_RUNPATH_SEARCH_PATHS = (
					"$(inherited)",
					"@executable_path/Frameworks",
				);
				PRODUCT_BUNDLE_IDENTIFIER = wbxiaowangzi.Demo;
				PRODUCT_NAME = "$(TARGET_NAME)";
				SWIFT_OBJC_BRIDGING_HEADER = "Demo/Demo/Demo-Bridging-Header.h";
				"SWIFT_OBJC_BRIDGING_HEADER[arch=*]" = "";
				SWIFT_VERSION = 4.0;
				TARGETED_DEVICE_FAMILY = "1,2";
			};
			name = Debug;
		};
		9783B8EE20CD12AF00E30FD7 /* Release */ = {
			isa = XCBuildConfiguration;
			buildSettings = {
				ASSETCATALOG_COMPILER_APPICON_NAME = AppIcon;
				CODE_SIGN_STYLE = Automatic;
				DEVELOPMENT_TEAM = SLU2Z8YYU3;
				INFOPLIST_FILE = Demo/Info.plist;
				IPHONEOS_DEPLOYMENT_TARGET = 11.2;
				LD_RUNPATH_SEARCH_PATHS = (
					"$(inherited)",
					"@executable_path/Frameworks",
				);
				PRODUCT_BUNDLE_IDENTIFIER = wbxiaowangzi.Demo;
				PRODUCT_NAME = "$(TARGET_NAME)";
				SWIFT_OBJC_BRIDGING_HEADER = "Demo/Demo/Demo-Bridging-Header.h";
				SWIFT_VERSION = 4.0;
				TARGETED_DEVICE_FAMILY = "1,2";
			};
			name = Release;
		};
/* End XCBuildConfiguration section */

/* Begin XCConfigurationList section */
		9783B8D520CD12AD00E30FD7 /* Build configuration list for PBXProject "Demo" */ = {
			isa = XCConfigurationList;
			buildConfigurations = (
				9783B8EA20CD12AF00E30FD7 /* Debug */,
				9783B8EB20CD12AF00E30FD7 /* Release */,
			);
			defaultConfigurationIsVisible = 0;
			defaultConfigurationName = Release;
		};
		9783B8EC20CD12AF00E30FD7 /* Build configuration list for PBXNativeTarget "Demo" */ = {
			isa = XCConfigurationList;
			buildConfigurations = (
				9783B8ED20CD12AF00E30FD7 /* Debug */,
				9783B8EE20CD12AF00E30FD7 /* Release */,
			);
			defaultConfigurationIsVisible = 0;
			defaultConfigurationName = Release;
		};
/* End XCConfigurationList section */
	};
	rootObject = 9783B8D220CD12AD00E30FD7 /* Project object */;
}
