// !$*UTF8*$!
{
	archiveVersion = 1;
	classes = {
	};
	objectVersion = 51;
	objects = {

/* Begin PBXBuildFile section */
		9744CE6120FF155A00EBD3DE /* BaseVC.swift in Sources */ = {isa = PBXBuildFile; fileRef = 9744CE6020FF155A00EBD3DE /* BaseVC.swift */; };
		9744CE6320FF172600EBD3DE /* GifBGVC.swift in Sources */ = {isa = PBXBuildFile; fileRef = 9744CE6220FF172600EBD3DE /* GifBGVC.swift */; };
		9744CE6520FF173F00EBD3DE /* RotaryTableVC.swift in Sources */ = {isa = PBXBuildFile; fileRef = 9744CE6420FF173F00EBD3DE /* RotaryTableVC.swift */; };
		975386BA21660A4800B5BE32 /* MetalVC.swift in Sources */ = {isa = PBXBuildFile; fileRef = 975386B921660A4800B5BE32 /* MetalVC.swift */; };
		9772816E20D0AC88004E8E4F /* TransitionVC.swift in Sources */ = {isa = PBXBuildFile; fileRef = 9772816C20D0AC88004E8E4F /* TransitionVC.swift */; };
		9772816F20D0AC88004E8E4F /* TransitionVC.xib in Resources */ = {isa = PBXBuildFile; fileRef = 9772816D20D0AC88004E8E4F /* TransitionVC.xib */; };
		9783B8DE20CD12AD00E30FD7 /* AppDelegate.swift in Sources */ = {isa = PBXBuildFile; fileRef = 9783B8DD20CD12AD00E30FD7 /* AppDelegate.swift */; };
		9783B8E020CD12AD00E30FD7 /* ViewController.swift in Sources */ = {isa = PBXBuildFile; fileRef = 9783B8DF20CD12AD00E30FD7 /* ViewController.swift */; };
		9783B8E320CD12AD00E30FD7 /* Main.storyboard in Resources */ = {isa = PBXBuildFile; fileRef = 9783B8E120CD12AD00E30FD7 /* Main.storyboard */; };
		9783B8E820CD12AF00E30FD7 /* LaunchScreen.storyboard in Resources */ = {isa = PBXBuildFile; fileRef = 9783B8E620CD12AF00E30FD7 /* LaunchScreen.storyboard */; };
		9783B8F320CD1D4B00E30FD7 /* CALayerVC.swift in Sources */ = {isa = PBXBuildFile; fileRef = 9783B8F120CD1D4B00E30FD7 /* CALayerVC.swift */; };
		9783B8F420CD1D4B00E30FD7 /* CALayerVC.xib in Resources */ = {isa = PBXBuildFile; fileRef = 9783B8F220CD1D4B00E30FD7 /* CALayerVC.xib */; };
		9783B8F720CD1D6800E30FD7 /* CoreAnimationVC.swift in Sources */ = {isa = PBXBuildFile; fileRef = 9783B8F520CD1D6800E30FD7 /* CoreAnimationVC.swift */; };
		9783B8F820CD1D6800E30FD7 /* CoreAnimationVC.xib in Resources */ = {isa = PBXBuildFile; fileRef = 9783B8F620CD1D6800E30FD7 /* CoreAnimationVC.xib */; };
		9783B8FB20CD1E2F00E30FD7 /* Router.swift in Sources */ = {isa = PBXBuildFile; fileRef = 9783B8FA20CD1E2F00E30FD7 /* Router.swift */; };
		9783B90320CD341E00E30FD7 /* MVVMVC.swift in Sources */ = {isa = PBXBuildFile; fileRef = 9783B90120CD341E00E30FD7 /* MVVMVC.swift */; };
		9783B90420CD341E00E30FD7 /* MVVMVC.xib in Resources */ = {isa = PBXBuildFile; fileRef = 9783B90220CD341E00E30FD7 /* MVVMVC.xib */; };
		AF09856E23225D6C002B003B /* LintCode.cpp in Sources */ = {isa = PBXBuildFile; fileRef = AF09856C23225D6B002B003B /* LintCode.cpp */; };
		AF09857223226025002B003B /* CppBridge.mm in Sources */ = {isa = PBXBuildFile; fileRef = AF09857123226025002B003B /* CppBridge.mm */; };
		AF109738219BCCCB003F148D /* libc++.tbd in Frameworks */ = {isa = PBXBuildFile; fileRef = AF109737219BCCCB003F148D /* libc++.tbd */; };
		AF1380D1223CAB1200AB2E0D /* LeetCode.swift in Sources */ = {isa = PBXBuildFile; fileRef = AF1380D0223CAB1200AB2E0D /* LeetCode.swift */; };
		AF13A22622379214008B91DD /* LuckVC.swift in Sources */ = {isa = PBXBuildFile; fileRef = AF13A22422379214008B91DD /* LuckVC.swift */; };
		AF13A22722379214008B91DD /* LuckVC.xib in Resources */ = {isa = PBXBuildFile; fileRef = AF13A22522379214008B91DD /* LuckVC.xib */; };
		AF13A22F2238B341008B91DD /* SDNetwork.swift in Sources */ = {isa = PBXBuildFile; fileRef = AF13A22E2238B341008B91DD /* SDNetwork.swift */; };
		AF14A2CD21883E3C0081487A /* RadarVC.swift in Sources */ = {isa = PBXBuildFile; fileRef = AF14A2CC21883E3B0081487A /* RadarVC.swift */; };
		AF14A2CF21883E5A0081487A /* RadarView.swift in Sources */ = {isa = PBXBuildFile; fileRef = AF14A2CE21883E5A0081487A /* RadarView.swift */; };
		AF188CD522D6DF4300DFE15D /* BatteryInfo.m in Sources */ = {isa = PBXBuildFile; fileRef = AF188CD422D6DF4300DFE15D /* BatteryInfo.m */; };
		AF1B05A421BA2F6200A44FE4 /* UIView+Extension.swift in Sources */ = {isa = PBXBuildFile; fileRef = AF1B05A321BA2F6100A44FE4 /* UIView+Extension.swift */; };
		AF1B77C7221D6633008D9AF6 /* OverTimeHandler.swift in Sources */ = {isa = PBXBuildFile; fileRef = AF1B77C6221D6633008D9AF6 /* OverTimeHandler.swift */; };
		AF234DDE22F821CA00A1A490 /* UILabel+swizzle.m in Sources */ = {isa = PBXBuildFile; fileRef = AF234DDC22F821CA00A1A490 /* UILabel+swizzle.m */; };
		AF234DE322F822CA00A1A490 /* SourceCode.m in Sources */ = {isa = PBXBuildFile; fileRef = AF234DE222F822CA00A1A490 /* SourceCode.m */; };
		AF243CE322A907BD00809768 /* RedPointProtocol.swift in Sources */ = {isa = PBXBuildFile; fileRef = AF243CE222A907BD00809768 /* RedPointProtocol.swift */; };
		AF26EACA2317714F00D61AF6 /* OCTestVC.m in Sources */ = {isa = PBXBuildFile; fileRef = AF26EAC92317714F00D61AF6 /* OCTestVC.m */; };
		AF26EACC2317724C00D61AF6 /* VCMap.swift in Sources */ = {isa = PBXBuildFile; fileRef = AF26EACB2317724C00D61AF6 /* VCMap.swift */; };
		AF26EAD0231774A700D61AF6 /* Navigator.swift in Sources */ = {isa = PBXBuildFile; fileRef = AF26EACF231774A700D61AF6 /* Navigator.swift */; };
		AF27F228218BFF8A001FDFC2 /* OpenGLES.framework in Frameworks */ = {isa = PBXBuildFile; fileRef = AF27F227218BFF8A001FDFC2 /* OpenGLES.framework */; };
		AF27F22A218BFF93001FDFC2 /* GLKit.framework in Frameworks */ = {isa = PBXBuildFile; fileRef = AF27F229218BFF92001FDFC2 /* GLKit.framework */; };
		AF27F22E218C0A80001FDFC2 /* OpenGLVC.swift in Sources */ = {isa = PBXBuildFile; fileRef = AF27F22C218C0A80001FDFC2 /* OpenGLVC.swift */; };
		AF27F22F218C0A80001FDFC2 /* OpenGLVC.xib in Resources */ = {isa = PBXBuildFile; fileRef = AF27F22D218C0A80001FDFC2 /* OpenGLVC.xib */; };
		AF27F231218C1649001FDFC2 /* DrawingBoardView.swift in Sources */ = {isa = PBXBuildFile; fileRef = AF27F230218C1649001FDFC2 /* DrawingBoardView.swift */; };
		AF2BED7E21928EC4007FB28E /* RXSwiftVC.swift in Sources */ = {isa = PBXBuildFile; fileRef = AF2BED7C21928EC4007FB28E /* RXSwiftVC.swift */; };
		AF2BED7F21928EC4007FB28E /* RXSwiftVC.xib in Resources */ = {isa = PBXBuildFile; fileRef = AF2BED7D21928EC4007FB28E /* RXSwiftVC.xib */; };
		AF2C8BD12193D66F00BA9492 /* ShowMemory.m in Sources */ = {isa = PBXBuildFile; fileRef = AF2C8BC22193D66F00BA9492 /* ShowMemory.m */; };
		AF2C8BD22193D66F00BA9492 /* ShowFlex.m in Sources */ = {isa = PBXBuildFile; fileRef = AF2C8BC62193D66F00BA9492 /* ShowFlex.m */; };
		AF2C8BD32193D66F00BA9492 /* AppDebugger.m in Sources */ = {isa = PBXBuildFile; fileRef = AF2C8BC72193D66F00BA9492 /* AppDebugger.m */; };
		AF2C8BD42193D66F00BA9492 /* SwitchServer.m in Sources */ = {isa = PBXBuildFile; fileRef = AF2C8BC82193D66F00BA9492 /* SwitchServer.m */; };
		AF2C8BD52193D66F00BA9492 /* ChartConsole.m in Sources */ = {isa = PBXBuildFile; fileRef = AF2C8BC92193D66F00BA9492 /* ChartConsole.m */; };
		AF2C8BD62193D66F00BA9492 /* ShowNavigator.m in Sources */ = {isa = PBXBuildFile; fileRef = AF2C8BCB2193D66F00BA9492 /* ShowNavigator.m */; };
		AF2C8BD72193D66F00BA9492 /* CheckAnalysis.m in Sources */ = {isa = PBXBuildFile; fileRef = AF2C8BCE2193D66F00BA9492 /* CheckAnalysis.m */; };
		AF30451C218AF66600DA36D2 /* lol.mov in Resources */ = {isa = PBXBuildFile; fileRef = AF30451B218AF66600DA36D2 /* lol.mov */; };
		AF30451E218AF70000DA36D2 /* AVFoundation.framework in Frameworks */ = {isa = PBXBuildFile; fileRef = AF30451D218AF70000DA36D2 /* AVFoundation.framework */; };
		AF304520218AFFBC00DA36D2 /* CAShapeLayerVC.swift in Sources */ = {isa = PBXBuildFile; fileRef = AF30451F218AFFBC00DA36D2 /* CAShapeLayerVC.swift */; };
		AF36862421C3BFE100EC0923 /* SizeClassVC.swift in Sources */ = {isa = PBXBuildFile; fileRef = AF36862221C3BFE100EC0923 /* SizeClassVC.swift */; };
		AF36862521C3BFE100EC0923 /* SizeClassVC.xib in Resources */ = {isa = PBXBuildFile; fileRef = AF36862321C3BFE100EC0923 /* SizeClassVC.xib */; };
		AF3832D322E00D8D00E1580F /* YunweiMgr.swift in Sources */ = {isa = PBXBuildFile; fileRef = AF3832CE22E00D8D00E1580F /* YunweiMgr.swift */; };
		AF3832D422E00D8D00E1580F /* ApiService.swift in Sources */ = {isa = PBXBuildFile; fileRef = AF3832CF22E00D8D00E1580F /* ApiService.swift */; };
		AF3832D522E00D8D00E1580F /* Observable+ObjectMapper.swift in Sources */ = {isa = PBXBuildFile; fileRef = AF3832D022E00D8D00E1580F /* Observable+ObjectMapper.swift */; };
		AF3832D622E00D8D00E1580F /* AccessTokenPlugin.swift in Sources */ = {isa = PBXBuildFile; fileRef = AF3832D122E00D8D00E1580F /* AccessTokenPlugin.swift */; };
		AF3832D722E00D8D00E1580F /* MD5Model.swift in Sources */ = {isa = PBXBuildFile; fileRef = AF3832D222E00D8D00E1580F /* MD5Model.swift */; };
		AF3832DB22E00EA800E1580F /* NotificationName.swift in Sources */ = {isa = PBXBuildFile; fileRef = AF3832D922E00EA700E1580F /* NotificationName.swift */; };
		AF3832DC22E00EA800E1580F /* AppConfig.swift in Sources */ = {isa = PBXBuildFile; fileRef = AF3832DA22E00EA700E1580F /* AppConfig.swift */; };
		AF3832E322E00F4700E1580F /* UserDefaultStaticStrings.swift in Sources */ = {isa = PBXBuildFile; fileRef = AF3832DF22E00F4700E1580F /* UserDefaultStaticStrings.swift */; };
		AF3832E422E00F4700E1580F /* MiNavigationConroller.swift in Sources */ = {isa = PBXBuildFile; fileRef = AF3832E022E00F4700E1580F /* MiNavigationConroller.swift */; };
		AF3FF11D2350678E00846C74 /* DemoTests.swift in Sources */ = {isa = PBXBuildFile; fileRef = AF3FF11C2350678E00846C74 /* DemoTests.swift */; };
		AF3FF12B235067A300846C74 /* DemoUITests.swift in Sources */ = {isa = PBXBuildFile; fileRef = AF3FF12A235067A300846C74 /* DemoUITests.swift */; };
		AF3FF13323506AFA00846C74 /* VCTest.swift in Sources */ = {isa = PBXBuildFile; fileRef = AF3FF13223506AFA00846C74 /* VCTest.swift */; };
		AF3FF13C2350736500846C74 /* TargetTwoUITests.swift in Sources */ = {isa = PBXBuildFile; fileRef = AF3FF13B2350736500846C74 /* TargetTwoUITests.swift */; };
		AF4119A12375617F008AF601 /* CAGradientLayerVC.swift in Sources */ = {isa = PBXBuildFile; fileRef = AF4119A02375617F008AF601 /* CAGradientLayerVC.swift */; };
		AF42F43B22719863004979AB /* PreviousLuckDatas.swift in Sources */ = {isa = PBXBuildFile; fileRef = AF42F43A22719863004979AB /* PreviousLuckDatas.swift */; };
		AF42F43D22719E96004979AB /* LuckNumbersDb.swift in Sources */ = {isa = PBXBuildFile; fileRef = AF42F43C22719E96004979AB /* LuckNumbersDb.swift */; };
		AF4EEB8F2302C39E001F298F /* MetalView.swift in Sources */ = {isa = PBXBuildFile; fileRef = AF4EEB8E2302C39E001F298F /* MetalView.swift */; };
		AF4EEB922302C4D2001F298F /* MetalViewController.swift in Sources */ = {isa = PBXBuildFile; fileRef = AF4EEB902302C4D2001F298F /* MetalViewController.swift */; };
		AF4EEB932302C4D2001F298F /* MetalViewController.xib in Resources */ = {isa = PBXBuildFile; fileRef = AF4EEB912302C4D2001F298F /* MetalViewController.xib */; };
		AF53E4C9238D3CE600E89EB9 /* UIControlVC.swift in Sources */ = {isa = PBXBuildFile; fileRef = AF53E4C7238D3CE600E89EB9 /* UIControlVC.swift */; };
		AF53E4CA238D3CE600E89EB9 /* UIControlVC.xib in Resources */ = {isa = PBXBuildFile; fileRef = AF53E4C8238D3CE600E89EB9 /* UIControlVC.xib */; };
		AF60BAB42268240B00AE592D /* Debouncer.swift in Sources */ = {isa = PBXBuildFile; fileRef = AF60BAB32268240B00AE592D /* Debouncer.swift */; };
		AF60BAB62268269000AE592D /* Throttle.swift in Sources */ = {isa = PBXBuildFile; fileRef = AF60BAB52268269000AE592D /* Throttle.swift */; };
		AF71B20722DDC50C008DE695 /* LearnCopyVC.swift in Sources */ = {isa = PBXBuildFile; fileRef = AF71B20522DDC50C008DE695 /* LearnCopyVC.swift */; };
		AF71B20822DDC50C008DE695 /* LearnCopyVC.xib in Resources */ = {isa = PBXBuildFile; fileRef = AF71B20622DDC50C008DE695 /* LearnCopyVC.xib */; };
		AF7C881D229E263D00988C98 /* AppDelegate.swift in Sources */ = {isa = PBXBuildFile; fileRef = AF7C881C229E263D00988C98 /* AppDelegate.swift */; };
		AF7C881F229E263D00988C98 /* ViewController.swift in Sources */ = {isa = PBXBuildFile; fileRef = AF7C881E229E263D00988C98 /* ViewController.swift */; };
		AF7C8822229E263D00988C98 /* Main.storyboard in Resources */ = {isa = PBXBuildFile; fileRef = AF7C8820229E263D00988C98 /* Main.storyboard */; };
		AF7C8824229E263F00988C98 /* Assets.xcassets in Resources */ = {isa = PBXBuildFile; fileRef = AF7C8823229E263F00988C98 /* Assets.xcassets */; };
		AF7C8827229E263F00988C98 /* LaunchScreen.storyboard in Resources */ = {isa = PBXBuildFile; fileRef = AF7C8825229E263F00988C98 /* LaunchScreen.storyboard */; };
		AF7C882D229E26F600988C98 /* Assets.xcassets in Resources */ = {isa = PBXBuildFile; fileRef = 9783B8E420CD12AF00E30FD7 /* Assets.xcassets */; };
		AF7C8831229E275D00988C98 /* Media.xcassets in Resources */ = {isa = PBXBuildFile; fileRef = AF7C882F229E274F00988C98 /* Media.xcassets */; };
		AF7FA3E12181A052001BB669 /* SceneKitVC.swift in Sources */ = {isa = PBXBuildFile; fileRef = AF7FA3E02181A052001BB669 /* SceneKitVC.swift */; };
		AF7FA3E52181AACA001BB669 /* SceneKit.framework in Frameworks */ = {isa = PBXBuildFile; fileRef = AF7FA3E42181AACA001BB669 /* SceneKit.framework */; };
		AF97A58124513B6100F3D460 /* Shaders.metal in Sources */ = {isa = PBXBuildFile; fileRef = AF97A58024513B6100F3D460 /* Shaders.metal */; };
		AFA648B922CF3F5100B02CD0 /* String+Extension.swift in Sources */ = {isa = PBXBuildFile; fileRef = AFA648B622CF3F5000B02CD0 /* String+Extension.swift */; };
		AFA648BA22CF3F5100B02CD0 /* UITableView+Extension.swift in Sources */ = {isa = PBXBuildFile; fileRef = AFA648B722CF3F5000B02CD0 /* UITableView+Extension.swift */; };
		AFA648BB22CF3F5100B02CD0 /* UINavigation+Extension.swift in Sources */ = {isa = PBXBuildFile; fileRef = AFA648B822CF3F5000B02CD0 /* UINavigation+Extension.swift */; };
		AFA758F5224B706C008440F0 /* SomeControls.swift in Sources */ = {isa = PBXBuildFile; fileRef = AFA758F4224B706C008440F0 /* SomeControls.swift */; };
		AFB4707B2201A89B002B27C7 /* Annotation.swift in Sources */ = {isa = PBXBuildFile; fileRef = AFB4707A2201A89B002B27C7 /* Annotation.swift */; };
		AFB67CBB235EEB220066D49E /* SwiftUIView.swift in Sources */ = {isa = PBXBuildFile; fileRef = AFB67CBA235EEB220066D49E /* SwiftUIView.swift */; };
		AFF0B87B2445767900FCACA8 /* Solution.swift in Sources */ = {isa = PBXBuildFile; fileRef = AFF0B87A2445767900FCACA8 /* Solution.swift */; };
		AFF7A59821956FD6003A4CA5 /* SQLiteVC.swift in Sources */ = {isa = PBXBuildFile; fileRef = AFF7A59721956FD6003A4CA5 /* SQLiteVC.swift */; };
		AFF7A59A21957025003A4CA5 /* SQLDB.swift in Sources */ = {isa = PBXBuildFile; fileRef = AFF7A59921957025003A4CA5 /* SQLDB.swift */; };
		AFF7A59D2195955D003A4CA5 /* libsqlite3.0.tbd in Frameworks */ = {isa = PBXBuildFile; fileRef = AFF7A59B219574A1003A4CA5 /* libsqlite3.0.tbd */; };
		AFFEC178230E3602001FAC72 /* JPEngine.m in Sources */ = {isa = PBXBuildFile; fileRef = AFFEC175230E3602001FAC72 /* JPEngine.m */; };
		AFFEC179230E3602001FAC72 /* JSPatch.js in Resources */ = {isa = PBXBuildFile; fileRef = AFFEC177230E3602001FAC72 /* JSPatch.js */; };
		AFFEC183230E3902001FAC72 /* JSPatchTestVC.m in Sources */ = {isa = PBXBuildFile; fileRef = AFFEC181230E3902001FAC72 /* JSPatchTestVC.m */; };
		AFFEC184230E3902001FAC72 /* JSPatchTestVC.xib in Resources */ = {isa = PBXBuildFile; fileRef = AFFEC182230E3902001FAC72 /* JSPatchTestVC.xib */; };
		AFFEC189230E401C001FAC72 /* jsscript.js in Resources */ = {isa = PBXBuildFile; fileRef = AFFEC188230E401C001FAC72 /* jsscript.js */; };
		C1E87AD0D3F56B2E82A5B15D /* Pods_Demo.framework in Frameworks */ = {isa = PBXBuildFile; fileRef = 089D44138D619F7D2D329231 /* Pods_Demo.framework */; };
/* End PBXBuildFile section */

/* Begin PBXContainerItemProxy section */
		AF3FF11F2350678E00846C74 /* PBXContainerItemProxy */ = {
			isa = PBXContainerItemProxy;
			containerPortal = 9783B8D220CD12AD00E30FD7 /* Project object */;
			proxyType = 1;
			remoteGlobalIDString = 9783B8D920CD12AD00E30FD7;
			remoteInfo = Demo;
		};
		AF3FF12D235067A300846C74 /* PBXContainerItemProxy */ = {
			isa = PBXContainerItemProxy;
			containerPortal = 9783B8D220CD12AD00E30FD7 /* Project object */;
			proxyType = 1;
			remoteGlobalIDString = 9783B8D920CD12AD00E30FD7;
			remoteInfo = Demo;
		};
		AF3FF13E2350736500846C74 /* PBXContainerItemProxy */ = {
			isa = PBXContainerItemProxy;
			containerPortal = 9783B8D220CD12AD00E30FD7 /* Project object */;
			proxyType = 1;
			remoteGlobalIDString = AF7C8819229E263D00988C98;
			remoteInfo = TargetTwo;
		};
/* End PBXContainerItemProxy section */

/* Begin PBXCopyFilesBuildPhase section */
		9757718922FFC36E00B52C9B /* Embed Frameworks */ = {
			isa = PBXCopyFilesBuildPhase;
			buildActionMask = 2147483647;
			dstPath = "";
			dstSubfolderSpec = 10;
			files = (
			);
			name = "Embed Frameworks";
			runOnlyForDeploymentPostprocessing = 0;
		};
		AF27F21E218BFE99001FDFC2 /* CopyFiles */ = {
			isa = PBXCopyFilesBuildPhase;
			buildActionMask = 2147483647;
			dstPath = /usr/share/man/man1/;
			dstSubfolderSpec = 0;
			files = (
			);
			runOnlyForDeploymentPostprocessing = 1;
		};
/* End PBXCopyFilesBuildPhase section */

/* Begin PBXFileReference section */
		089D44138D619F7D2D329231 /* Pods_Demo.framework */ = {isa = PBXFileReference; explicitFileType = wrapper.framework; includeInIndex = 0; path = Pods_Demo.framework; sourceTree = BUILT_PRODUCTS_DIR; };
		0A736B16B89349DFCDB1C68C /* Pods-Demo.release.xcconfig */ = {isa = PBXFileReference; includeInIndex = 1; lastKnownFileType = text.xcconfig; name = "Pods-Demo.release.xcconfig"; path = "Pods/Target Support Files/Pods-Demo/Pods-Demo.release.xcconfig"; sourceTree = "<group>"; };
		9744CE6020FF155A00EBD3DE /* BaseVC.swift */ = {isa = PBXFileReference; lastKnownFileType = sourcecode.swift; path = BaseVC.swift; sourceTree = "<group>"; };
		9744CE6220FF172600EBD3DE /* GifBGVC.swift */ = {isa = PBXFileReference; lastKnownFileType = sourcecode.swift; path = GifBGVC.swift; sourceTree = "<group>"; };
		9744CE6420FF173F00EBD3DE /* RotaryTableVC.swift */ = {isa = PBXFileReference; lastKnownFileType = sourcecode.swift; path = RotaryTableVC.swift; sourceTree = "<group>"; };
		975386B921660A4800B5BE32 /* MetalVC.swift */ = {isa = PBXFileReference; lastKnownFileType = sourcecode.swift; path = MetalVC.swift; sourceTree = "<group>"; };
		9757718522FFC33400B52C9B /* XCTest.framework */ = {isa = PBXFileReference; lastKnownFileType = wrapper.framework; name = XCTest.framework; path = Platforms/iPhoneOS.platform/Developer/Library/Frameworks/XCTest.framework; sourceTree = DEVELOPER_DIR; };
		9772816C20D0AC88004E8E4F /* TransitionVC.swift */ = {isa = PBXFileReference; lastKnownFileType = sourcecode.swift; path = TransitionVC.swift; sourceTree = "<group>"; };
		9772816D20D0AC88004E8E4F /* TransitionVC.xib */ = {isa = PBXFileReference; lastKnownFileType = file.xib; path = TransitionVC.xib; sourceTree = "<group>"; };
		9783B8DA20CD12AD00E30FD7 /* Demo.app */ = {isa = PBXFileReference; explicitFileType = wrapper.application; includeInIndex = 0; path = Demo.app; sourceTree = BUILT_PRODUCTS_DIR; };
		9783B8DD20CD12AD00E30FD7 /* AppDelegate.swift */ = {isa = PBXFileReference; lastKnownFileType = sourcecode.swift; path = AppDelegate.swift; sourceTree = "<group>"; };
		9783B8DF20CD12AD00E30FD7 /* ViewController.swift */ = {isa = PBXFileReference; lastKnownFileType = sourcecode.swift; path = ViewController.swift; sourceTree = "<group>"; };
		9783B8E220CD12AD00E30FD7 /* Base */ = {isa = PBXFileReference; lastKnownFileType = file.storyboard; name = Base; path = Base.lproj/Main.storyboard; sourceTree = "<group>"; };
		9783B8E420CD12AF00E30FD7 /* Assets.xcassets */ = {isa = PBXFileReference; lastKnownFileType = folder.assetcatalog; path = Assets.xcassets; sourceTree = "<group>"; };
		9783B8E720CD12AF00E30FD7 /* Base */ = {isa = PBXFileReference; lastKnownFileType = file.storyboard; name = Base; path = Base.lproj/LaunchScreen.storyboard; sourceTree = "<group>"; };
		9783B8E920CD12AF00E30FD7 /* Info.plist */ = {isa = PBXFileReference; lastKnownFileType = text.plist.xml; path = Info.plist; sourceTree = "<group>"; };
		9783B8F120CD1D4B00E30FD7 /* CALayerVC.swift */ = {isa = PBXFileReference; lastKnownFileType = sourcecode.swift; path = CALayerVC.swift; sourceTree = "<group>"; };
		9783B8F220CD1D4B00E30FD7 /* CALayerVC.xib */ = {isa = PBXFileReference; lastKnownFileType = file.xib; path = CALayerVC.xib; sourceTree = "<group>"; };
		9783B8F520CD1D6800E30FD7 /* CoreAnimationVC.swift */ = {isa = PBXFileReference; lastKnownFileType = sourcecode.swift; path = CoreAnimationVC.swift; sourceTree = "<group>"; };
		9783B8F620CD1D6800E30FD7 /* CoreAnimationVC.xib */ = {isa = PBXFileReference; lastKnownFileType = file.xib; path = CoreAnimationVC.xib; sourceTree = "<group>"; };
		9783B8FA20CD1E2F00E30FD7 /* Router.swift */ = {isa = PBXFileReference; lastKnownFileType = sourcecode.swift; path = Router.swift; sourceTree = "<group>"; };
		9783B90120CD341E00E30FD7 /* MVVMVC.swift */ = {isa = PBXFileReference; lastKnownFileType = sourcecode.swift; path = MVVMVC.swift; sourceTree = "<group>"; };
		9783B90220CD341E00E30FD7 /* MVVMVC.xib */ = {isa = PBXFileReference; lastKnownFileType = file.xib; path = MVVMVC.xib; sourceTree = "<group>"; };
		A6DA9D8A6B6E185481083FF5 /* Pods-Demo.debug.xcconfig */ = {isa = PBXFileReference; includeInIndex = 1; lastKnownFileType = text.xcconfig; name = "Pods-Demo.debug.xcconfig"; path = "Pods/Target Support Files/Pods-Demo/Pods-Demo.debug.xcconfig"; sourceTree = "<group>"; };
		AF09856C23225D6B002B003B /* LintCode.cpp */ = {isa = PBXFileReference; fileEncoding = 4; lastKnownFileType = sourcecode.cpp.cpp; path = LintCode.cpp; sourceTree = "<group>"; };
		AF09856D23225D6B002B003B /* LintCode.h */ = {isa = PBXFileReference; fileEncoding = 4; lastKnownFileType = sourcecode.c.h; path = LintCode.h; sourceTree = "<group>"; };
		AF09857023226025002B003B /* CppBridge.h */ = {isa = PBXFileReference; lastKnownFileType = sourcecode.c.h; path = CppBridge.h; sourceTree = "<group>"; };
		AF09857123226025002B003B /* CppBridge.mm */ = {isa = PBXFileReference; lastKnownFileType = sourcecode.cpp.objcpp; path = CppBridge.mm; sourceTree = "<group>"; };
		AF109737219BCCCB003F148D /* libc++.tbd */ = {isa = PBXFileReference; lastKnownFileType = "sourcecode.text-based-dylib-definition"; name = "libc++.tbd"; path = "usr/lib/libc++.tbd"; sourceTree = SDKROOT; };
		AF1380D0223CAB1200AB2E0D /* LeetCode.swift */ = {isa = PBXFileReference; lastKnownFileType = sourcecode.swift; path = LeetCode.swift; sourceTree = "<group>"; };
		AF13A22422379214008B91DD /* LuckVC.swift */ = {isa = PBXFileReference; lastKnownFileType = sourcecode.swift; path = LuckVC.swift; sourceTree = "<group>"; };
		AF13A22522379214008B91DD /* LuckVC.xib */ = {isa = PBXFileReference; lastKnownFileType = file.xib; path = LuckVC.xib; sourceTree = "<group>"; };
		AF13A22E2238B341008B91DD /* SDNetwork.swift */ = {isa = PBXFileReference; lastKnownFileType = sourcecode.swift; path = SDNetwork.swift; sourceTree = "<group>"; };
		AF14A2CC21883E3B0081487A /* RadarVC.swift */ = {isa = PBXFileReference; lastKnownFileType = sourcecode.swift; path = RadarVC.swift; sourceTree = "<group>"; };
		AF14A2CE21883E5A0081487A /* RadarView.swift */ = {isa = PBXFileReference; lastKnownFileType = sourcecode.swift; path = RadarView.swift; sourceTree = "<group>"; };
		AF188CD322D6DF4300DFE15D /* BatteryInfo.h */ = {isa = PBXFileReference; lastKnownFileType = sourcecode.c.h; path = BatteryInfo.h; sourceTree = "<group>"; };
		AF188CD422D6DF4300DFE15D /* BatteryInfo.m */ = {isa = PBXFileReference; lastKnownFileType = sourcecode.c.objc; path = BatteryInfo.m; sourceTree = "<group>"; };
		AF1B05A321BA2F6100A44FE4 /* UIView+Extension.swift */ = {isa = PBXFileReference; fileEncoding = 4; lastKnownFileType = sourcecode.swift; path = "UIView+Extension.swift"; sourceTree = "<group>"; };
		AF1B77C6221D6633008D9AF6 /* OverTimeHandler.swift */ = {isa = PBXFileReference; lastKnownFileType = sourcecode.swift; path = OverTimeHandler.swift; sourceTree = "<group>"; };
		AF234DDC22F821CA00A1A490 /* UILabel+swizzle.m */ = {isa = PBXFileReference; fileEncoding = 4; lastKnownFileType = sourcecode.c.objc; path = "UILabel+swizzle.m"; sourceTree = "<group>"; };
		AF234DDD22F821CA00A1A490 /* UILabel+swizzle.h */ = {isa = PBXFileReference; fileEncoding = 4; lastKnownFileType = sourcecode.c.h; path = "UILabel+swizzle.h"; sourceTree = "<group>"; };
		AF234DE222F822CA00A1A490 /* SourceCode.m */ = {isa = PBXFileReference; lastKnownFileType = sourcecode.c.objc; path = SourceCode.m; sourceTree = "<group>"; };
		AF243CE222A907BD00809768 /* RedPointProtocol.swift */ = {isa = PBXFileReference; lastKnownFileType = sourcecode.swift; path = RedPointProtocol.swift; sourceTree = "<group>"; };
		AF26EAC82317714F00D61AF6 /* OCTestVC.h */ = {isa = PBXFileReference; lastKnownFileType = sourcecode.c.h; path = OCTestVC.h; sourceTree = "<group>"; };
		AF26EAC92317714F00D61AF6 /* OCTestVC.m */ = {isa = PBXFileReference; lastKnownFileType = sourcecode.c.objc; path = OCTestVC.m; sourceTree = "<group>"; };
		AF26EACB2317724C00D61AF6 /* VCMap.swift */ = {isa = PBXFileReference; lastKnownFileType = sourcecode.swift; path = VCMap.swift; sourceTree = "<group>"; };
		AF26EACF231774A700D61AF6 /* Navigator.swift */ = {isa = PBXFileReference; lastKnownFileType = sourcecode.swift; path = Navigator.swift; sourceTree = "<group>"; };
		AF27F220218BFE99001FDFC2 /* OpenGL */ = {isa = PBXFileReference; explicitFileType = "compiled.mach-o.executable"; includeInIndex = 0; path = OpenGL; sourceTree = BUILT_PRODUCTS_DIR; };
		AF27F227218BFF8A001FDFC2 /* OpenGLES.framework */ = {isa = PBXFileReference; lastKnownFileType = wrapper.framework; name = OpenGLES.framework; path = System/Library/Frameworks/OpenGLES.framework; sourceTree = SDKROOT; };
		AF27F229218BFF92001FDFC2 /* GLKit.framework */ = {isa = PBXFileReference; lastKnownFileType = wrapper.framework; name = GLKit.framework; path = System/Library/Frameworks/GLKit.framework; sourceTree = SDKROOT; };
		AF27F22C218C0A80001FDFC2 /* OpenGLVC.swift */ = {isa = PBXFileReference; lastKnownFileType = sourcecode.swift; path = OpenGLVC.swift; sourceTree = "<group>"; };
		AF27F22D218C0A80001FDFC2 /* OpenGLVC.xib */ = {isa = PBXFileReference; lastKnownFileType = file.xib; path = OpenGLVC.xib; sourceTree = "<group>"; };
		AF27F230218C1649001FDFC2 /* DrawingBoardView.swift */ = {isa = PBXFileReference; lastKnownFileType = sourcecode.swift; path = DrawingBoardView.swift; sourceTree = "<group>"; };
		AF2BED7C21928EC4007FB28E /* RXSwiftVC.swift */ = {isa = PBXFileReference; lastKnownFileType = sourcecode.swift; path = RXSwiftVC.swift; sourceTree = "<group>"; };
		AF2BED7D21928EC4007FB28E /* RXSwiftVC.xib */ = {isa = PBXFileReference; lastKnownFileType = file.xib; path = RXSwiftVC.xib; sourceTree = "<group>"; };
		AF2C8BC02193D66F00BA9492 /* DebuggerInterface.h */ = {isa = PBXFileReference; fileEncoding = 4; lastKnownFileType = sourcecode.c.h; path = DebuggerInterface.h; sourceTree = "<group>"; };
		AF2C8BC12193D66F00BA9492 /* ShowNavigator.h */ = {isa = PBXFileReference; fileEncoding = 4; lastKnownFileType = sourcecode.c.h; path = ShowNavigator.h; sourceTree = "<group>"; };
		AF2C8BC22193D66F00BA9492 /* ShowMemory.m */ = {isa = PBXFileReference; fileEncoding = 4; lastKnownFileType = sourcecode.c.objc; path = ShowMemory.m; sourceTree = "<group>"; };
		AF2C8BC32193D66F00BA9492 /* ChartConsole.h */ = {isa = PBXFileReference; fileEncoding = 4; lastKnownFileType = sourcecode.c.h; path = ChartConsole.h; sourceTree = "<group>"; };
		AF2C8BC42193D66F00BA9492 /* SwitchServer.h */ = {isa = PBXFileReference; fileEncoding = 4; lastKnownFileType = sourcecode.c.h; path = SwitchServer.h; sourceTree = "<group>"; };
		AF2C8BC52193D66F00BA9492 /* CheckAnalysis.h */ = {isa = PBXFileReference; fileEncoding = 4; lastKnownFileType = sourcecode.c.h; path = CheckAnalysis.h; sourceTree = "<group>"; };
		AF2C8BC62193D66F00BA9492 /* ShowFlex.m */ = {isa = PBXFileReference; fileEncoding = 4; lastKnownFileType = sourcecode.c.objc; path = ShowFlex.m; sourceTree = "<group>"; };
		AF2C8BC72193D66F00BA9492 /* AppDebugger.m */ = {isa = PBXFileReference; fileEncoding = 4; lastKnownFileType = sourcecode.c.objc; path = AppDebugger.m; sourceTree = "<group>"; };
		AF2C8BC82193D66F00BA9492 /* SwitchServer.m */ = {isa = PBXFileReference; fileEncoding = 4; lastKnownFileType = sourcecode.c.objc; path = SwitchServer.m; sourceTree = "<group>"; };
		AF2C8BC92193D66F00BA9492 /* ChartConsole.m */ = {isa = PBXFileReference; fileEncoding = 4; lastKnownFileType = sourcecode.c.objc; path = ChartConsole.m; sourceTree = "<group>"; };
		AF2C8BCA2193D66F00BA9492 /* ShowMemory.h */ = {isa = PBXFileReference; fileEncoding = 4; lastKnownFileType = sourcecode.c.h; path = ShowMemory.h; sourceTree = "<group>"; };
		AF2C8BCB2193D66F00BA9492 /* ShowNavigator.m */ = {isa = PBXFileReference; fileEncoding = 4; lastKnownFileType = sourcecode.c.objc; path = ShowNavigator.m; sourceTree = "<group>"; };
		AF2C8BCC2193D66F00BA9492 /* AppDebugger.h */ = {isa = PBXFileReference; fileEncoding = 4; lastKnownFileType = sourcecode.c.h; path = AppDebugger.h; sourceTree = "<group>"; };
		AF2C8BCD2193D66F00BA9492 /* ShowFlex.h */ = {isa = PBXFileReference; fileEncoding = 4; lastKnownFileType = sourcecode.c.h; path = ShowFlex.h; sourceTree = "<group>"; };
		AF2C8BCE2193D66F00BA9492 /* CheckAnalysis.m */ = {isa = PBXFileReference; fileEncoding = 4; lastKnownFileType = sourcecode.c.objc; path = CheckAnalysis.m; sourceTree = "<group>"; };
		AF30451B218AF66600DA36D2 /* lol.mov */ = {isa = PBXFileReference; lastKnownFileType = video.quicktime; path = lol.mov; sourceTree = "<group>"; };
		AF30451D218AF70000DA36D2 /* AVFoundation.framework */ = {isa = PBXFileReference; lastKnownFileType = wrapper.framework; name = AVFoundation.framework; path = System/Library/Frameworks/AVFoundation.framework; sourceTree = SDKROOT; };
		AF30451F218AFFBC00DA36D2 /* CAShapeLayerVC.swift */ = {isa = PBXFileReference; lastKnownFileType = sourcecode.swift; path = CAShapeLayerVC.swift; sourceTree = "<group>"; };
		AF36862221C3BFE100EC0923 /* SizeClassVC.swift */ = {isa = PBXFileReference; lastKnownFileType = sourcecode.swift; path = SizeClassVC.swift; sourceTree = "<group>"; };
		AF36862321C3BFE100EC0923 /* SizeClassVC.xib */ = {isa = PBXFileReference; lastKnownFileType = file.xib; path = SizeClassVC.xib; sourceTree = "<group>"; };
		AF3832CE22E00D8D00E1580F /* YunweiMgr.swift */ = {isa = PBXFileReference; fileEncoding = 4; lastKnownFileType = sourcecode.swift; path = YunweiMgr.swift; sourceTree = "<group>"; };
		AF3832CF22E00D8D00E1580F /* ApiService.swift */ = {isa = PBXFileReference; fileEncoding = 4; lastKnownFileType = sourcecode.swift; path = ApiService.swift; sourceTree = "<group>"; };
		AF3832D022E00D8D00E1580F /* Observable+ObjectMapper.swift */ = {isa = PBXFileReference; fileEncoding = 4; lastKnownFileType = sourcecode.swift; path = "Observable+ObjectMapper.swift"; sourceTree = "<group>"; };
		AF3832D122E00D8D00E1580F /* AccessTokenPlugin.swift */ = {isa = PBXFileReference; fileEncoding = 4; lastKnownFileType = sourcecode.swift; path = AccessTokenPlugin.swift; sourceTree = "<group>"; };
		AF3832D222E00D8D00E1580F /* MD5Model.swift */ = {isa = PBXFileReference; fileEncoding = 4; lastKnownFileType = sourcecode.swift; path = MD5Model.swift; sourceTree = "<group>"; };
		AF3832D922E00EA700E1580F /* NotificationName.swift */ = {isa = PBXFileReference; fileEncoding = 4; lastKnownFileType = sourcecode.swift; path = NotificationName.swift; sourceTree = "<group>"; };
		AF3832DA22E00EA700E1580F /* AppConfig.swift */ = {isa = PBXFileReference; fileEncoding = 4; lastKnownFileType = sourcecode.swift; path = AppConfig.swift; sourceTree = "<group>"; };
		AF3832DF22E00F4700E1580F /* UserDefaultStaticStrings.swift */ = {isa = PBXFileReference; fileEncoding = 4; lastKnownFileType = sourcecode.swift; path = UserDefaultStaticStrings.swift; sourceTree = "<group>"; };
		AF3832E022E00F4700E1580F /* MiNavigationConroller.swift */ = {isa = PBXFileReference; fileEncoding = 4; lastKnownFileType = sourcecode.swift; path = MiNavigationConroller.swift; sourceTree = "<group>"; };
		AF3FF11A2350678E00846C74 /* DemoTests.xctest */ = {isa = PBXFileReference; explicitFileType = wrapper.cfbundle; includeInIndex = 0; path = DemoTests.xctest; sourceTree = BUILT_PRODUCTS_DIR; };
		AF3FF11C2350678E00846C74 /* DemoTests.swift */ = {isa = PBXFileReference; lastKnownFileType = sourcecode.swift; path = DemoTests.swift; sourceTree = "<group>"; };
		AF3FF11E2350678E00846C74 /* Info.plist */ = {isa = PBXFileReference; lastKnownFileType = text.plist.xml; path = Info.plist; sourceTree = "<group>"; };
		AF3FF128235067A300846C74 /* DemoUITests.xctest */ = {isa = PBXFileReference; explicitFileType = wrapper.cfbundle; includeInIndex = 0; path = DemoUITests.xctest; sourceTree = BUILT_PRODUCTS_DIR; };
		AF3FF12A235067A300846C74 /* DemoUITests.swift */ = {isa = PBXFileReference; lastKnownFileType = sourcecode.swift; path = DemoUITests.swift; sourceTree = "<group>"; };
		AF3FF12C235067A300846C74 /* Info.plist */ = {isa = PBXFileReference; lastKnownFileType = text.plist.xml; path = Info.plist; sourceTree = "<group>"; };
		AF3FF13223506AFA00846C74 /* VCTest.swift */ = {isa = PBXFileReference; lastKnownFileType = sourcecode.swift; path = VCTest.swift; sourceTree = "<group>"; };
		AF3FF1392350736500846C74 /* TargetTwoUITests.xctest */ = {isa = PBXFileReference; explicitFileType = wrapper.cfbundle; includeInIndex = 0; path = TargetTwoUITests.xctest; sourceTree = BUILT_PRODUCTS_DIR; };
		AF3FF13B2350736500846C74 /* TargetTwoUITests.swift */ = {isa = PBXFileReference; lastKnownFileType = sourcecode.swift; path = TargetTwoUITests.swift; sourceTree = "<group>"; };
		AF3FF13D2350736500846C74 /* Info.plist */ = {isa = PBXFileReference; lastKnownFileType = text.plist.xml; path = Info.plist; sourceTree = "<group>"; };
		AF4119A02375617F008AF601 /* CAGradientLayerVC.swift */ = {isa = PBXFileReference; lastKnownFileType = sourcecode.swift; path = CAGradientLayerVC.swift; sourceTree = "<group>"; };
		AF42F43A22719863004979AB /* PreviousLuckDatas.swift */ = {isa = PBXFileReference; lastKnownFileType = sourcecode.swift; path = PreviousLuckDatas.swift; sourceTree = "<group>"; };
		AF42F43C22719E96004979AB /* LuckNumbersDb.swift */ = {isa = PBXFileReference; lastKnownFileType = sourcecode.swift; path = LuckNumbersDb.swift; sourceTree = "<group>"; };
		AF4EEB8E2302C39E001F298F /* MetalView.swift */ = {isa = PBXFileReference; lastKnownFileType = sourcecode.swift; path = MetalView.swift; sourceTree = "<group>"; };
		AF4EEB902302C4D2001F298F /* MetalViewController.swift */ = {isa = PBXFileReference; lastKnownFileType = sourcecode.swift; path = MetalViewController.swift; sourceTree = "<group>"; };
		AF4EEB912302C4D2001F298F /* MetalViewController.xib */ = {isa = PBXFileReference; lastKnownFileType = file.xib; path = MetalViewController.xib; sourceTree = "<group>"; };
		AF53E4C7238D3CE600E89EB9 /* UIControlVC.swift */ = {isa = PBXFileReference; lastKnownFileType = sourcecode.swift; path = UIControlVC.swift; sourceTree = "<group>"; };
		AF53E4C8238D3CE600E89EB9 /* UIControlVC.xib */ = {isa = PBXFileReference; lastKnownFileType = file.xib; path = UIControlVC.xib; sourceTree = "<group>"; };
		AF60BAB32268240B00AE592D /* Debouncer.swift */ = {isa = PBXFileReference; lastKnownFileType = sourcecode.swift; path = Debouncer.swift; sourceTree = "<group>"; };
		AF60BAB52268269000AE592D /* Throttle.swift */ = {isa = PBXFileReference; lastKnownFileType = sourcecode.swift; path = Throttle.swift; sourceTree = "<group>"; };
		AF71B20522DDC50C008DE695 /* LearnCopyVC.swift */ = {isa = PBXFileReference; lastKnownFileType = sourcecode.swift; path = LearnCopyVC.swift; sourceTree = "<group>"; };
		AF71B20622DDC50C008DE695 /* LearnCopyVC.xib */ = {isa = PBXFileReference; lastKnownFileType = file.xib; path = LearnCopyVC.xib; sourceTree = "<group>"; };
		AF7C881A229E263D00988C98 /* TargetTwo.app */ = {isa = PBXFileReference; explicitFileType = wrapper.application; includeInIndex = 0; path = TargetTwo.app; sourceTree = BUILT_PRODUCTS_DIR; };
		AF7C881C229E263D00988C98 /* AppDelegate.swift */ = {isa = PBXFileReference; lastKnownFileType = sourcecode.swift; path = AppDelegate.swift; sourceTree = "<group>"; };
		AF7C881E229E263D00988C98 /* ViewController.swift */ = {isa = PBXFileReference; lastKnownFileType = sourcecode.swift; path = ViewController.swift; sourceTree = "<group>"; };
		AF7C8821229E263D00988C98 /* Base */ = {isa = PBXFileReference; lastKnownFileType = file.storyboard; name = Base; path = Base.lproj/Main.storyboard; sourceTree = "<group>"; };
		AF7C8823229E263F00988C98 /* Assets.xcassets */ = {isa = PBXFileReference; lastKnownFileType = folder.assetcatalog; path = Assets.xcassets; sourceTree = "<group>"; };
		AF7C8826229E263F00988C98 /* Base */ = {isa = PBXFileReference; lastKnownFileType = file.storyboard; name = Base; path = Base.lproj/LaunchScreen.storyboard; sourceTree = "<group>"; };
		AF7C8828229E263F00988C98 /* Info.plist */ = {isa = PBXFileReference; lastKnownFileType = text.plist.xml; path = Info.plist; sourceTree = "<group>"; };
		AF7C882F229E274F00988C98 /* Media.xcassets */ = {isa = PBXFileReference; lastKnownFileType = folder.assetcatalog; path = Media.xcassets; sourceTree = "<group>"; };
		AF7FA3E02181A052001BB669 /* SceneKitVC.swift */ = {isa = PBXFileReference; lastKnownFileType = sourcecode.swift; path = SceneKitVC.swift; sourceTree = "<group>"; };
		AF7FA3E22181A7AB001BB669 /* Demo-Bridging-Header.h */ = {isa = PBXFileReference; lastKnownFileType = sourcecode.c.h; path = "Demo-Bridging-Header.h"; sourceTree = "<group>"; };
		AF7FA3E42181AACA001BB669 /* SceneKit.framework */ = {isa = PBXFileReference; lastKnownFileType = wrapper.framework; name = SceneKit.framework; path = System/Library/Frameworks/SceneKit.framework; sourceTree = SDKROOT; };
		AF97A58024513B6100F3D460 /* Shaders.metal */ = {isa = PBXFileReference; fileEncoding = 4; lastKnownFileType = sourcecode.metal; path = Shaders.metal; sourceTree = "<group>"; };
		AFA648B622CF3F5000B02CD0 /* String+Extension.swift */ = {isa = PBXFileReference; fileEncoding = 4; lastKnownFileType = sourcecode.swift; path = "String+Extension.swift"; sourceTree = "<group>"; };
		AFA648B722CF3F5000B02CD0 /* UITableView+Extension.swift */ = {isa = PBXFileReference; fileEncoding = 4; lastKnownFileType = sourcecode.swift; path = "UITableView+Extension.swift"; sourceTree = "<group>"; };
		AFA648B822CF3F5000B02CD0 /* UINavigation+Extension.swift */ = {isa = PBXFileReference; fileEncoding = 4; lastKnownFileType = sourcecode.swift; path = "UINavigation+Extension.swift"; sourceTree = "<group>"; };
		AFA758F4224B706C008440F0 /* SomeControls.swift */ = {isa = PBXFileReference; lastKnownFileType = sourcecode.swift; path = SomeControls.swift; sourceTree = "<group>"; };
		AFB4707A2201A89B002B27C7 /* Annotation.swift */ = {isa = PBXFileReference; lastKnownFileType = sourcecode.swift; path = Annotation.swift; sourceTree = "<group>"; };
		AFB67CBA235EEB220066D49E /* SwiftUIView.swift */ = {isa = PBXFileReference; lastKnownFileType = sourcecode.swift; path = SwiftUIView.swift; sourceTree = "<group>"; };
		AFE569242304F75C00C72940 /* MClassMap.swift */ = {isa = PBXFileReference; fileEncoding = 4; lastKnownFileType = sourcecode.swift; path = MClassMap.swift; sourceTree = "<group>"; };
		AFF0B87A2445767900FCACA8 /* Solution.swift */ = {isa = PBXFileReference; lastKnownFileType = sourcecode.swift; path = Solution.swift; sourceTree = "<group>"; };
		AFF7A59721956FD6003A4CA5 /* SQLiteVC.swift */ = {isa = PBXFileReference; lastKnownFileType = sourcecode.swift; path = SQLiteVC.swift; sourceTree = "<group>"; };
		AFF7A59921957025003A4CA5 /* SQLDB.swift */ = {isa = PBXFileReference; lastKnownFileType = sourcecode.swift; path = SQLDB.swift; sourceTree = "<group>"; };
		AFF7A59B219574A1003A4CA5 /* libsqlite3.0.tbd */ = {isa = PBXFileReference; lastKnownFileType = "sourcecode.text-based-dylib-definition"; name = libsqlite3.0.tbd; path = usr/lib/libsqlite3.0.tbd; sourceTree = SDKROOT; };
		AFFEC175230E3602001FAC72 /* JPEngine.m */ = {isa = PBXFileReference; fileEncoding = 4; lastKnownFileType = sourcecode.c.objc; path = JPEngine.m; sourceTree = "<group>"; };
		AFFEC176230E3602001FAC72 /* JPEngine.h */ = {isa = PBXFileReference; fileEncoding = 4; lastKnownFileType = sourcecode.c.h; path = JPEngine.h; sourceTree = "<group>"; };
		AFFEC177230E3602001FAC72 /* JSPatch.js */ = {isa = PBXFileReference; fileEncoding = 4; lastKnownFileType = sourcecode.javascript; path = JSPatch.js; sourceTree = "<group>"; };
		AFFEC180230E3902001FAC72 /* JSPatchTestVC.h */ = {isa = PBXFileReference; lastKnownFileType = sourcecode.c.h; path = JSPatchTestVC.h; sourceTree = "<group>"; };
		AFFEC181230E3902001FAC72 /* JSPatchTestVC.m */ = {isa = PBXFileReference; lastKnownFileType = sourcecode.c.objc; path = JSPatchTestVC.m; sourceTree = "<group>"; };
		AFFEC182230E3902001FAC72 /* JSPatchTestVC.xib */ = {isa = PBXFileReference; lastKnownFileType = file.xib; path = JSPatchTestVC.xib; sourceTree = "<group>"; };
		AFFEC188230E401C001FAC72 /* jsscript.js */ = {isa = PBXFileReference; fileEncoding = 4; lastKnownFileType = sourcecode.javascript; path = jsscript.js; sourceTree = "<group>"; };
/* End PBXFileReference section */

/* Begin PBXFrameworksBuildPhase section */
		9783B8D720CD12AD00E30FD7 /* Frameworks */ = {
			isa = PBXFrameworksBuildPhase;
			buildActionMask = 2147483647;
			files = (
				AF109738219BCCCB003F148D /* libc++.tbd in Frameworks */,
				AFF7A59D2195955D003A4CA5 /* libsqlite3.0.tbd in Frameworks */,
				AF27F22A218BFF93001FDFC2 /* GLKit.framework in Frameworks */,
				AF27F228218BFF8A001FDFC2 /* OpenGLES.framework in Frameworks */,
				AF30451E218AF70000DA36D2 /* AVFoundation.framework in Frameworks */,
				AF7FA3E52181AACA001BB669 /* SceneKit.framework in Frameworks */,
				C1E87AD0D3F56B2E82A5B15D /* Pods_Demo.framework in Frameworks */,
			);
			runOnlyForDeploymentPostprocessing = 0;
		};
		AF27F21D218BFE99001FDFC2 /* Frameworks */ = {
			isa = PBXFrameworksBuildPhase;
			buildActionMask = 2147483647;
			files = (
			);
			runOnlyForDeploymentPostprocessing = 0;
		};
		AF3FF1172350678E00846C74 /* Frameworks */ = {
			isa = PBXFrameworksBuildPhase;
			buildActionMask = 2147483647;
			files = (
			);
			runOnlyForDeploymentPostprocessing = 0;
		};
		AF3FF125235067A300846C74 /* Frameworks */ = {
			isa = PBXFrameworksBuildPhase;
			buildActionMask = 2147483647;
			files = (
			);
			runOnlyForDeploymentPostprocessing = 0;
		};
		AF3FF1362350736500846C74 /* Frameworks */ = {
			isa = PBXFrameworksBuildPhase;
			buildActionMask = 2147483647;
			files = (
			);
			runOnlyForDeploymentPostprocessing = 0;
		};
		AF7C8817229E263D00988C98 /* Frameworks */ = {
			isa = PBXFrameworksBuildPhase;
			buildActionMask = 2147483647;
			files = (
			);
			runOnlyForDeploymentPostprocessing = 0;
		};
/* End PBXFrameworksBuildPhase section */

/* Begin PBXGroup section */
		77CA83DD04E293DFCA75D345 /* Pods */ = {
			isa = PBXGroup;
			children = (
				A6DA9D8A6B6E185481083FF5 /* Pods-Demo.debug.xcconfig */,
				0A736B16B89349DFCDB1C68C /* Pods-Demo.release.xcconfig */,
			);
			name = Pods;
			sourceTree = "<group>";
		};
		9744CE5D20FF126B00EBD3DE /* RotaryTable */ = {
			isa = PBXGroup;
			children = (
				9744CE6420FF173F00EBD3DE /* RotaryTableVC.swift */,
			);
			path = RotaryTable;
			sourceTree = "<group>";
		};
		9744CE5E20FF13A000EBD3DE /* GifBG */ = {
			isa = PBXGroup;
			children = (
				9744CE6220FF172600EBD3DE /* GifBGVC.swift */,
				AF30451B218AF66600DA36D2 /* lol.mov */,
			);
			path = GifBG;
			sourceTree = "<group>";
		};
		9744CE5F20FF153000EBD3DE /* BaseObject */ = {
			isa = PBXGroup;
			children = (
				AF13A22D2238B24B008B91DD /* NetWork */,
				9744CE6020FF155A00EBD3DE /* BaseVC.swift */,
			);
			path = BaseObject;
			sourceTree = "<group>";
		};
		975386B62166096500B5BE32 /* Metal */ = {
			isa = PBXGroup;
			children = (
				AF97A58024513B6100F3D460 /* Shaders.metal */,
				975386B921660A4800B5BE32 /* MetalVC.swift */,
				AF4EEB8E2302C39E001F298F /* MetalView.swift */,
				AF4EEB902302C4D2001F298F /* MetalViewController.swift */,
				AF4EEB912302C4D2001F298F /* MetalViewController.xib */,
			);
			path = Metal;
			sourceTree = "<group>";
		};
		9772816220D0A177004E8E4F /* Transition */ = {
			isa = PBXGroup;
			children = (
				9772816320D0A18E004E8E4F /* Controller */,
			);
			path = Transition;
			sourceTree = "<group>";
		};
		9772816320D0A18E004E8E4F /* Controller */ = {
			isa = PBXGroup;
			children = (
				9772816C20D0AC88004E8E4F /* TransitionVC.swift */,
				9772816D20D0AC88004E8E4F /* TransitionVC.xib */,
			);
			path = Controller;
			sourceTree = "<group>";
		};
		9772816920D0A844004E8E4F /* GCD */ = {
			isa = PBXGroup;
			children = (
			);
			name = GCD;
			path = ../GCD;
			sourceTree = "<group>";
		};
		9772817020DD3B32004E8E4F /* AFN */ = {
			isa = PBXGroup;
			children = (
			);
			name = AFN;
			path = ../AFN;
			sourceTree = "<group>";
		};
		9783B8D120CD12AD00E30FD7 = {
			isa = PBXGroup;
			children = (
				AF7C882E229E271500988C98 /* Target2Files */,
				9783B8DC20CD12AD00E30FD7 /* Demo */,
				AF7C881B229E263D00988C98 /* TargetTwo */,
				AF3FF11B2350678E00846C74 /* DemoTests */,
				AF3FF129235067A300846C74 /* DemoUITests */,
				AF3FF13A2350736500846C74 /* TargetTwoUITests */,
				9783B8DB20CD12AD00E30FD7 /* Products */,
				AF7FA3E32181AACA001BB669 /* Frameworks */,
				77CA83DD04E293DFCA75D345 /* Pods */,
			);
			sourceTree = "<group>";
		};
		9783B8DB20CD12AD00E30FD7 /* Products */ = {
			isa = PBXGroup;
			children = (
				9783B8DA20CD12AD00E30FD7 /* Demo.app */,
				AF27F220218BFE99001FDFC2 /* OpenGL */,
				AF7C881A229E263D00988C98 /* TargetTwo.app */,
				AF3FF11A2350678E00846C74 /* DemoTests.xctest */,
				AF3FF128235067A300846C74 /* DemoUITests.xctest */,
				AF3FF1392350736500846C74 /* TargetTwoUITests.xctest */,
			);
			name = Products;
			sourceTree = "<group>";
		};
		9783B8DC20CD12AD00E30FD7 /* Demo */ = {
			isa = PBXGroup;
			children = (
				AF13A223223790CA008B91DD /* Items */,
				9783B8DD20CD12AD00E30FD7 /* AppDelegate.swift */,
				9783B8E420CD12AF00E30FD7 /* Assets.xcassets */,
				9744CE5F20FF153000EBD3DE /* BaseObject */,
				AF7FA3E22181A7AB001BB669 /* Demo-Bridging-Header.h */,
				9783B8E920CD12AF00E30FD7 /* Info.plist */,
				9783B8E620CD12AF00E30FD7 /* LaunchScreen.storyboard */,
				9783B8E120CD12AD00E30FD7 /* Main.storyboard */,
				9783B8DF20CD12AD00E30FD7 /* ViewController.swift */,
			);
			path = Demo;
			sourceTree = "<group>";
		};
		9783B8EF20CD1D2A00E30FD7 /* CoreAnimation */ = {
			isa = PBXGroup;
			children = (
				9783B8F520CD1D6800E30FD7 /* CoreAnimationVC.swift */,
				9783B8F620CD1D6800E30FD7 /* CoreAnimationVC.xib */,
			);
			path = CoreAnimation;
			sourceTree = "<group>";
		};
		9783B8F020CD1D2A00E30FD7 /* CALayer */ = {
			isa = PBXGroup;
			children = (
				9783B8F120CD1D4B00E30FD7 /* CALayerVC.swift */,
				9783B8F220CD1D4B00E30FD7 /* CALayerVC.xib */,
				AF30451F218AFFBC00DA36D2 /* CAShapeLayerVC.swift */,
				AF4119A02375617F008AF601 /* CAGradientLayerVC.swift */,
			);
			path = CALayer;
			sourceTree = "<group>";
		};
		9783B8F920CD1E0800E30FD7 /* Router */ = {
			isa = PBXGroup;
			children = (
				9783B8FA20CD1E2F00E30FD7 /* Router.swift */,
			);
			path = Router;
			sourceTree = "<group>";
		};
		9783B8FD20CD326300E30FD7 /* MVVM */ = {
			isa = PBXGroup;
			children = (
				9783B8FE20CD326300E30FD7 /* ViewModel */,
				9783B8FF20CD326300E30FD7 /* Model */,
				9783B90020CD326300E30FD7 /* View */,
			);
			path = MVVM;
			sourceTree = "<group>";
		};
		9783B8FE20CD326300E30FD7 /* ViewModel */ = {
			isa = PBXGroup;
			children = (
			);
			path = ViewModel;
			sourceTree = "<group>";
		};
		9783B8FF20CD326300E30FD7 /* Model */ = {
			isa = PBXGroup;
			children = (
			);
			path = Model;
			sourceTree = "<group>";
		};
		9783B90020CD326300E30FD7 /* View */ = {
			isa = PBXGroup;
			children = (
				9783B90120CD341E00E30FD7 /* MVVMVC.swift */,
				9783B90220CD341E00E30FD7 /* MVVMVC.xib */,
			);
			path = View;
			sourceTree = "<group>";
		};
		AF1380CF223CAAA800AB2E0D /* LeetCode */ = {
			isa = PBXGroup;
			children = (
				AF1380D0223CAB1200AB2E0D /* LeetCode.swift */,
				AFF0B87A2445767900FCACA8 /* Solution.swift */,
			);
			path = LeetCode;
			sourceTree = "<group>";
		};
		AF13A22222379008008B91DD /* Luck */ = {
			isa = PBXGroup;
			children = (
				AF13A22422379214008B91DD /* LuckVC.swift */,
				AF13A22522379214008B91DD /* LuckVC.xib */,
				AF42F43A22719863004979AB /* PreviousLuckDatas.swift */,
				AF42F43C22719E96004979AB /* LuckNumbersDb.swift */,
			);
			path = Luck;
			sourceTree = "<group>";
		};
		AF13A223223790CA008B91DD /* Items */ = {
			isa = PBXGroup;
			children = (
				AF71B1FF22DDC49A008DE695 /* AboutCopy */,
				9772817020DD3B32004E8E4F /* AFN */,
				AFB470792201A87D002B27C7 /* Annotation */,
				AF2C8BBE2193D66F00BA9492 /* AppDebugger */,
				AFBB2C95226ACD08004AB229 /* AVPlayer */,
				AF3832DD22E00F4700E1580F /* Base */,
				AF5D3A53219D75ED00E64898 /* C++ */,
				9783B8F020CD1D2A00E30FD7 /* CALayer */,
				AFE569232304F74A00C72940 /* ClassMap */,
				AF3832D822E00EA700E1580F /* Config */,
				9783B8EF20CD1D2A00E30FD7 /* CoreAnimation */,
				AF60BAB2226823DE00AE592D /* Debouncer&Throttle */,
				AF5D3A68219E76F700E64898 /* Extension */,
				9772816920D0A844004E8E4F /* GCD */,
				9744CE5E20FF13A000EBD3DE /* GifBG */,
				AFFEC174230E3602001FAC72 /* JSPatch */,
				AF1380CF223CAAA800AB2E0D /* LeetCode */,
				AF13A22222379008008B91DD /* Luck */,
				975386B62166096500B5BE32 /* Metal */,
				9783B8FD20CD326300E30FD7 /* MVVM */,
				AF26EACD231772A900D61AF6 /* Navigator */,
				AF3832CD22E00D8D00E1580F /* Network */,
				AF26EAC42317702E00D61AF6 /* OCTest */,
				AF27F22B218C0A5E001FDFC2 /* OpenGL */,
				AF1B77C5221D660B008D9AF6 /* OverTimeHandler */,
				AF234DE122F8221E00A1A490 /* PrefectTableView */,
				AF14A2CB21883DBD0081487A /* RadarView */,
				AF243CE122A907A000809768 /* RedPoint */,
				9744CE5D20FF126B00EBD3DE /* RotaryTable */,
				9783B8F920CD1E0800E30FD7 /* Router */,
				AF234DDF22F821F600A1A490 /* Runtime */,
				AF2BED7B21928E9A007FB28E /* RXSwift */,
				AF7FA3DF21819FF0001BB669 /* SceneKit */,
				AF36862121C3BF8100EC0923 /* SizeClass */,
				AFA758F3224B704D008440F0 /* SomeControls */,
				AF3C914821956C8F006E02FF /* SQLite */,
				AFB67CB9235EEB0F0066D49E /* SwiftUI */,
				9772816220D0A177004E8E4F /* Transition */,
				AF53E4C6238D3CAB00E89EB9 /* UIControl */,
			);
			path = Items;
			sourceTree = "<group>";
		};
		AF13A22D2238B24B008B91DD /* NetWork */ = {
			isa = PBXGroup;
			children = (
				AF13A22E2238B341008B91DD /* SDNetwork.swift */,
			);
			path = NetWork;
			sourceTree = "<group>";
		};
		AF14A2CB21883DBD0081487A /* RadarView */ = {
			isa = PBXGroup;
			children = (
				AF14A2CC21883E3B0081487A /* RadarVC.swift */,
				AF14A2CE21883E5A0081487A /* RadarView.swift */,
			);
			path = RadarView;
			sourceTree = "<group>";
		};
		AF1B77C5221D660B008D9AF6 /* OverTimeHandler */ = {
			isa = PBXGroup;
			children = (
				AF1B77C6221D6633008D9AF6 /* OverTimeHandler.swift */,
			);
			path = OverTimeHandler;
			sourceTree = "<group>";
		};
		AF234DDB22F821A400A1A490 /* MethodSwizzle */ = {
			isa = PBXGroup;
			children = (
				AF234DDD22F821CA00A1A490 /* UILabel+swizzle.h */,
				AF234DDC22F821CA00A1A490 /* UILabel+swizzle.m */,
			);
			path = MethodSwizzle;
			sourceTree = "<group>";
		};
		AF234DDF22F821F600A1A490 /* Runtime */ = {
			isa = PBXGroup;
			children = (
				AF234DE022F8220C00A1A490 /* SourceCode */,
				AF234DDB22F821A400A1A490 /* MethodSwizzle */,
			);
			path = Runtime;
			sourceTree = "<group>";
		};
		AF234DE022F8220C00A1A490 /* SourceCode */ = {
			isa = PBXGroup;
			children = (
				AF234DE222F822CA00A1A490 /* SourceCode.m */,
			);
			path = SourceCode;
			sourceTree = "<group>";
		};
		AF234DE122F8221E00A1A490 /* PrefectTableView */ = {
			isa = PBXGroup;
			children = (
			);
			path = PrefectTableView;
			sourceTree = "<group>";
		};
		AF243CE122A907A000809768 /* RedPoint */ = {
			isa = PBXGroup;
			children = (
				AF243CE222A907BD00809768 /* RedPointProtocol.swift */,
			);
			path = RedPoint;
			sourceTree = "<group>";
		};
		AF26EAC42317702E00D61AF6 /* OCTest */ = {
			isa = PBXGroup;
			children = (
				AF26EAC82317714F00D61AF6 /* OCTestVC.h */,
				AF26EAC92317714F00D61AF6 /* OCTestVC.m */,
			);
			path = OCTest;
			sourceTree = "<group>";
		};
		AF26EACD231772A900D61AF6 /* Navigator */ = {
			isa = PBXGroup;
			children = (
				AF26EACB2317724C00D61AF6 /* VCMap.swift */,
				AF26EACF231774A700D61AF6 /* Navigator.swift */,
			);
			path = Navigator;
			sourceTree = "<group>";
		};
		AF27F22B218C0A5E001FDFC2 /* OpenGL */ = {
			isa = PBXGroup;
			children = (
				AF27F22C218C0A80001FDFC2 /* OpenGLVC.swift */,
				AF27F22D218C0A80001FDFC2 /* OpenGLVC.xib */,
				AF27F230218C1649001FDFC2 /* DrawingBoardView.swift */,
			);
			path = OpenGL;
			sourceTree = "<group>";
		};
		AF2BED7B21928E9A007FB28E /* RXSwift */ = {
			isa = PBXGroup;
			children = (
				AF2BED7C21928EC4007FB28E /* RXSwiftVC.swift */,
				AF2BED7D21928EC4007FB28E /* RXSwiftVC.xib */,
			);
			path = RXSwift;
			sourceTree = "<group>";
		};
		AF2C8BBE2193D66F00BA9492 /* AppDebugger */ = {
			isa = PBXGroup;
			children = (
				AF2C8BBF2193D66F00BA9492 /* AppDebugger */,
			);
			path = AppDebugger;
			sourceTree = "<group>";
		};
		AF2C8BBF2193D66F00BA9492 /* AppDebugger */ = {
			isa = PBXGroup;
			children = (
				AF2C8BCC2193D66F00BA9492 /* AppDebugger.h */,
				AF2C8BC72193D66F00BA9492 /* AppDebugger.m */,
				AF188CD322D6DF4300DFE15D /* BatteryInfo.h */,
				AF188CD422D6DF4300DFE15D /* BatteryInfo.m */,
				AF2C8BC32193D66F00BA9492 /* ChartConsole.h */,
				AF2C8BC92193D66F00BA9492 /* ChartConsole.m */,
				AF2C8BC52193D66F00BA9492 /* CheckAnalysis.h */,
				AF2C8BCE2193D66F00BA9492 /* CheckAnalysis.m */,
				AF2C8BC02193D66F00BA9492 /* DebuggerInterface.h */,
				AF2C8BCD2193D66F00BA9492 /* ShowFlex.h */,
				AF2C8BC62193D66F00BA9492 /* ShowFlex.m */,
				AF2C8BCA2193D66F00BA9492 /* ShowMemory.h */,
				AF2C8BC22193D66F00BA9492 /* ShowMemory.m */,
				AF2C8BC12193D66F00BA9492 /* ShowNavigator.h */,
				AF2C8BCB2193D66F00BA9492 /* ShowNavigator.m */,
				AF2C8BC42193D66F00BA9492 /* SwitchServer.h */,
				AF2C8BC82193D66F00BA9492 /* SwitchServer.m */,
			);
			path = AppDebugger;
			sourceTree = "<group>";
		};
		AF36862121C3BF8100EC0923 /* SizeClass */ = {
			isa = PBXGroup;
			children = (
				AF36862221C3BFE100EC0923 /* SizeClassVC.swift */,
				AF36862321C3BFE100EC0923 /* SizeClassVC.xib */,
			);
			path = SizeClass;
			sourceTree = "<group>";
		};
		AF3832CD22E00D8D00E1580F /* Network */ = {
			isa = PBXGroup;
			children = (
				AF3832CE22E00D8D00E1580F /* YunweiMgr.swift */,
				AF3832CF22E00D8D00E1580F /* ApiService.swift */,
				AF3832D022E00D8D00E1580F /* Observable+ObjectMapper.swift */,
				AF3832D122E00D8D00E1580F /* AccessTokenPlugin.swift */,
				AF3832D222E00D8D00E1580F /* MD5Model.swift */,
			);
			path = Network;
			sourceTree = "<group>";
		};
		AF3832D822E00EA700E1580F /* Config */ = {
			isa = PBXGroup;
			children = (
				AF3832D922E00EA700E1580F /* NotificationName.swift */,
				AF3832DA22E00EA700E1580F /* AppConfig.swift */,
			);
			path = Config;
			sourceTree = "<group>";
		};
		AF3832DD22E00F4700E1580F /* Base */ = {
			isa = PBXGroup;
			children = (
				AF3832DF22E00F4700E1580F /* UserDefaultStaticStrings.swift */,
				AF3832E022E00F4700E1580F /* MiNavigationConroller.swift */,
			);
			path = Base;
			sourceTree = "<group>";
		};
		AF3C914821956C8F006E02FF /* SQLite */ = {
			isa = PBXGroup;
			children = (
				AFF7A59721956FD6003A4CA5 /* SQLiteVC.swift */,
				AFF7A59921957025003A4CA5 /* SQLDB.swift */,
			);
			path = SQLite;
			sourceTree = "<group>";
		};
		AF3FF11B2350678E00846C74 /* DemoTests */ = {
			isa = PBXGroup;
			children = (
				AF3FF11C2350678E00846C74 /* DemoTests.swift */,
				AF3FF11E2350678E00846C74 /* Info.plist */,
				AF3FF13223506AFA00846C74 /* VCTest.swift */,
			);
			path = DemoTests;
			sourceTree = "<group>";
		};
		AF3FF129235067A300846C74 /* DemoUITests */ = {
			isa = PBXGroup;
			children = (
				AF3FF12A235067A300846C74 /* DemoUITests.swift */,
				AF3FF12C235067A300846C74 /* Info.plist */,
			);
			path = DemoUITests;
			sourceTree = "<group>";
		};
		AF3FF13A2350736500846C74 /* TargetTwoUITests */ = {
			isa = PBXGroup;
			children = (
				AF3FF13B2350736500846C74 /* TargetTwoUITests.swift */,
				AF3FF13D2350736500846C74 /* Info.plist */,
			);
			path = TargetTwoUITests;
			sourceTree = "<group>";
		};
		AF53E4C6238D3CAB00E89EB9 /* UIControl */ = {
			isa = PBXGroup;
			children = (
				AF53E4C7238D3CE600E89EB9 /* UIControlVC.swift */,
				AF53E4C8238D3CE600E89EB9 /* UIControlVC.xib */,
			);
			path = UIControl;
			sourceTree = "<group>";
		};
		AF5D3A53219D75ED00E64898 /* C++ */ = {
			isa = PBXGroup;
			children = (
				AF09857023226025002B003B /* CppBridge.h */,
				AF09857123226025002B003B /* CppBridge.mm */,
				AF09856D23225D6B002B003B /* LintCode.h */,
				AF09856C23225D6B002B003B /* LintCode.cpp */,
			);
			path = "C++";
			sourceTree = "<group>";
		};
		AF5D3A68219E76F700E64898 /* Extension */ = {
			isa = PBXGroup;
			children = (
				AFA648B622CF3F5000B02CD0 /* String+Extension.swift */,
				AFA648B822CF3F5000B02CD0 /* UINavigation+Extension.swift */,
				AFA648B722CF3F5000B02CD0 /* UITableView+Extension.swift */,
				AF1B05A321BA2F6100A44FE4 /* UIView+Extension.swift */,
			);
			path = Extension;
			sourceTree = "<group>";
		};
		AF60BAB2226823DE00AE592D /* Debouncer&Throttle */ = {
			isa = PBXGroup;
			children = (
				AF60BAB32268240B00AE592D /* Debouncer.swift */,
				AF60BAB52268269000AE592D /* Throttle.swift */,
			);
			path = "Debouncer&Throttle";
			sourceTree = "<group>";
		};
		AF71B1FF22DDC49A008DE695 /* AboutCopy */ = {
			isa = PBXGroup;
			children = (
				AF71B20522DDC50C008DE695 /* LearnCopyVC.swift */,
				AF71B20622DDC50C008DE695 /* LearnCopyVC.xib */,
			);
			path = AboutCopy;
			sourceTree = "<group>";
		};
		AF7C881B229E263D00988C98 /* TargetTwo */ = {
			isa = PBXGroup;
			children = (
				AF7C881C229E263D00988C98 /* AppDelegate.swift */,
				AF7C881E229E263D00988C98 /* ViewController.swift */,
				AF7C8820229E263D00988C98 /* Main.storyboard */,
				AF7C8823229E263F00988C98 /* Assets.xcassets */,
				AF7C8825229E263F00988C98 /* LaunchScreen.storyboard */,
				AF7C8828229E263F00988C98 /* Info.plist */,
			);
			path = TargetTwo;
			sourceTree = "<group>";
		};
		AF7C882E229E271500988C98 /* Target2Files */ = {
			isa = PBXGroup;
			children = (
				AF7C882F229E274F00988C98 /* Media.xcassets */,
			);
			path = Target2Files;
			sourceTree = "<group>";
		};
		AF7FA3DF21819FF0001BB669 /* SceneKit */ = {
			isa = PBXGroup;
			children = (
				AF7FA3E02181A052001BB669 /* SceneKitVC.swift */,
			);
			path = SceneKit;
			sourceTree = "<group>";
		};
		AF7FA3E32181AACA001BB669 /* Frameworks */ = {
			isa = PBXGroup;
			children = (
				9757718522FFC33400B52C9B /* XCTest.framework */,
				AF109737219BCCCB003F148D /* libc++.tbd */,
				AFF7A59B219574A1003A4CA5 /* libsqlite3.0.tbd */,
				AF27F229218BFF92001FDFC2 /* GLKit.framework */,
				AF27F227218BFF8A001FDFC2 /* OpenGLES.framework */,
				AF30451D218AF70000DA36D2 /* AVFoundation.framework */,
				AF7FA3E42181AACA001BB669 /* SceneKit.framework */,
				089D44138D619F7D2D329231 /* Pods_Demo.framework */,
			);
			name = Frameworks;
			sourceTree = "<group>";
		};
		AFA758F3224B704D008440F0 /* SomeControls */ = {
			isa = PBXGroup;
			children = (
				AFA758F4224B706C008440F0 /* SomeControls.swift */,
			);
			path = SomeControls;
			sourceTree = "<group>";
		};
		AFB470792201A87D002B27C7 /* Annotation */ = {
			isa = PBXGroup;
			children = (
				AFB4707A2201A89B002B27C7 /* Annotation.swift */,
			);
			path = Annotation;
			sourceTree = "<group>";
		};
		AFB67CB9235EEB0F0066D49E /* SwiftUI */ = {
			isa = PBXGroup;
			children = (
				AFB67CBA235EEB220066D49E /* SwiftUIView.swift */,
			);
			path = SwiftUI;
			sourceTree = "<group>";
		};
		AFBB2C95226ACD08004AB229 /* AVPlayer */ = {
			isa = PBXGroup;
			children = (
			);
			path = AVPlayer;
			sourceTree = "<group>";
		};
		AFE569232304F74A00C72940 /* ClassMap */ = {
			isa = PBXGroup;
			children = (
				AFE569242304F75C00C72940 /* MClassMap.swift */,
			);
			path = ClassMap;
			sourceTree = "<group>";
		};
		AFFEC174230E3602001FAC72 /* JSPatch */ = {
			isa = PBXGroup;
			children = (
				AFFEC187230E3FFF001FAC72 /* ScriptFiles */,
				AFFEC17B230E38A2001FAC72 /* OCFiles */,
				AFFEC17A230E3888001FAC72 /* JPEngine */,
			);
			path = JSPatch;
			sourceTree = "<group>";
		};
		AFFEC17A230E3888001FAC72 /* JPEngine */ = {
			isa = PBXGroup;
			children = (
				AFFEC175230E3602001FAC72 /* JPEngine.m */,
				AFFEC176230E3602001FAC72 /* JPEngine.h */,
				AFFEC177230E3602001FAC72 /* JSPatch.js */,
			);
			path = JPEngine;
			sourceTree = "<group>";
		};
		AFFEC17B230E38A2001FAC72 /* OCFiles */ = {
			isa = PBXGroup;
			children = (
				AFFEC180230E3902001FAC72 /* JSPatchTestVC.h */,
				AFFEC181230E3902001FAC72 /* JSPatchTestVC.m */,
				AFFEC182230E3902001FAC72 /* JSPatchTestVC.xib */,
			);
			path = OCFiles;
			sourceTree = "<group>";
		};
		AFFEC187230E3FFF001FAC72 /* ScriptFiles */ = {
			isa = PBXGroup;
			children = (
				AFFEC188230E401C001FAC72 /* jsscript.js */,
			);
			path = ScriptFiles;
			sourceTree = "<group>";
		};
/* End PBXGroup section */

/* Begin PBXNativeTarget section */
		9783B8D920CD12AD00E30FD7 /* Demo */ = {
			isa = PBXNativeTarget;
			buildConfigurationList = 9783B8EC20CD12AF00E30FD7 /* Build configuration list for PBXNativeTarget "Demo" */;
			buildPhases = (
				09CDCADC04EA1F380FF615CC /* [CP] Check Pods Manifest.lock */,
				9783B8D620CD12AD00E30FD7 /* Sources */,
				9783B8D720CD12AD00E30FD7 /* Frameworks */,
				9783B8D820CD12AD00E30FD7 /* Resources */,
				5922AF0CB70901FBAF2F09B6 /* [CP] Embed Pods Frameworks */,
				9757718922FFC36E00B52C9B /* Embed Frameworks */,
			);
			buildRules = (
			);
			dependencies = (
			);
			name = Demo;
			productName = Demo;
			productReference = 9783B8DA20CD12AD00E30FD7 /* Demo.app */;
			productType = "com.apple.product-type.application";
		};
		AF27F21F218BFE99001FDFC2 /* OpenGL */ = {
			isa = PBXNativeTarget;
			buildConfigurationList = AF27F224218BFE99001FDFC2 /* Build configuration list for PBXNativeTarget "OpenGL" */;
			buildPhases = (
				AF27F21C218BFE99001FDFC2 /* Sources */,
				AF27F21D218BFE99001FDFC2 /* Frameworks */,
				AF27F21E218BFE99001FDFC2 /* CopyFiles */,
			);
			buildRules = (
			);
			dependencies = (
			);
			name = OpenGL;
			productName = OpenGL;
			productReference = AF27F220218BFE99001FDFC2 /* OpenGL */;
			productType = "com.apple.product-type.tool";
		};
		AF3FF1192350678E00846C74 /* DemoTests */ = {
			isa = PBXNativeTarget;
			buildConfigurationList = AF3FF1212350678E00846C74 /* Build configuration list for PBXNativeTarget "DemoTests" */;
			buildPhases = (
				AF3FF1162350678E00846C74 /* Sources */,
				AF3FF1172350678E00846C74 /* Frameworks */,
				AF3FF1182350678E00846C74 /* Resources */,
			);
			buildRules = (
			);
			dependencies = (
				AF3FF1202350678E00846C74 /* PBXTargetDependency */,
			);
			name = DemoTests;
			productName = DemoTests;
			productReference = AF3FF11A2350678E00846C74 /* DemoTests.xctest */;
			productType = "com.apple.product-type.bundle.unit-test";
		};
		AF3FF127235067A300846C74 /* DemoUITests */ = {
			isa = PBXNativeTarget;
			buildConfigurationList = AF3FF12F235067A300846C74 /* Build configuration list for PBXNativeTarget "DemoUITests" */;
			buildPhases = (
				AF3FF124235067A300846C74 /* Sources */,
				AF3FF125235067A300846C74 /* Frameworks */,
				AF3FF126235067A300846C74 /* Resources */,
			);
			buildRules = (
			);
			dependencies = (
				AF3FF12E235067A300846C74 /* PBXTargetDependency */,
			);
			name = DemoUITests;
			productName = DemoUITests;
			productReference = AF3FF128235067A300846C74 /* DemoUITests.xctest */;
			productType = "com.apple.product-type.bundle.ui-testing";
		};
		AF3FF1382350736500846C74 /* TargetTwoUITests */ = {
			isa = PBXNativeTarget;
			buildConfigurationList = AF3FF1402350736500846C74 /* Build configuration list for PBXNativeTarget "TargetTwoUITests" */;
			buildPhases = (
				AF3FF1352350736500846C74 /* Sources */,
				AF3FF1362350736500846C74 /* Frameworks */,
				AF3FF1372350736500846C74 /* Resources */,
			);
			buildRules = (
			);
			dependencies = (
				AF3FF13F2350736500846C74 /* PBXTargetDependency */,
			);
			name = TargetTwoUITests;
			productName = TargetTwoUITests;
			productReference = AF3FF1392350736500846C74 /* TargetTwoUITests.xctest */;
			productType = "com.apple.product-type.bundle.ui-testing";
		};
		AF7C8819229E263D00988C98 /* TargetTwo */ = {
			isa = PBXNativeTarget;
			buildConfigurationList = AF7C882B229E263F00988C98 /* Build configuration list for PBXNativeTarget "TargetTwo" */;
			buildPhases = (
				AF7C8816229E263D00988C98 /* Sources */,
				AF7C8817229E263D00988C98 /* Frameworks */,
				AF7C8818229E263D00988C98 /* Resources */,
			);
			buildRules = (
			);
			dependencies = (
			);
			name = TargetTwo;
			productName = TargetTwo;
			productReference = AF7C881A229E263D00988C98 /* TargetTwo.app */;
			productType = "com.apple.product-type.application";
		};
/* End PBXNativeTarget section */

/* Begin PBXProject section */
		9783B8D220CD12AD00E30FD7 /* Project object */ = {
			isa = PBXProject;
			attributes = {
				DefaultBuildSystemTypeForWorkspace = Original;
				LastSwiftUpdateCheck = 1110;
				LastUpgradeCheck = 0940;
				ORGANIZATIONNAME = wangbo;
				TargetAttributes = {
					9783B8D920CD12AD00E30FD7 = {
						CreatedOnToolsVersion = 9.4;
						LastSwiftMigration = 1010;
					};
					AF27F21F218BFE99001FDFC2 = {
						CreatedOnToolsVersion = 10.0;
					};
					AF3FF1192350678E00846C74 = {
						CreatedOnToolsVersion = 11.1;
						TestTargetID = 9783B8D920CD12AD00E30FD7;
					};
					AF3FF127235067A300846C74 = {
						CreatedOnToolsVersion = 11.1;
						TestTargetID = 9783B8D920CD12AD00E30FD7;
					};
					AF3FF1382350736500846C74 = {
						CreatedOnToolsVersion = 11.1;
						TestTargetID = AF7C8819229E263D00988C98;
					};
					AF7C8819229E263D00988C98 = {
						CreatedOnToolsVersion = 10.2;
					};
				};
			};
			buildConfigurationList = 9783B8D520CD12AD00E30FD7 /* Build configuration list for PBXProject "Demo" */;
			compatibilityVersion = "Xcode 9.3";
			developmentRegion = en;
			hasScannedForEncodings = 0;
			knownRegions = (
				en,
				Base,
			);
			mainGroup = 9783B8D120CD12AD00E30FD7;
			productRefGroup = 9783B8DB20CD12AD00E30FD7 /* Products */;
			projectDirPath = "";
			projectRoot = "";
			targets = (
				9783B8D920CD12AD00E30FD7 /* Demo */,
				AF27F21F218BFE99001FDFC2 /* OpenGL */,
				AF7C8819229E263D00988C98 /* TargetTwo */,
				AF3FF1192350678E00846C74 /* DemoTests */,
				AF3FF127235067A300846C74 /* DemoUITests */,
				AF3FF1382350736500846C74 /* TargetTwoUITests */,
			);
		};
/* End PBXProject section */

/* Begin PBXResourcesBuildPhase section */
		9783B8D820CD12AD00E30FD7 /* Resources */ = {
			isa = PBXResourcesBuildPhase;
			buildActionMask = 2147483647;
			files = (
				9783B8F420CD1D4B00E30FD7 /* CALayerVC.xib in Resources */,
				9783B8E820CD12AF00E30FD7 /* LaunchScreen.storyboard in Resources */,
				9772816F20D0AC88004E8E4F /* TransitionVC.xib in Resources */,
				9783B8F820CD1D6800E30FD7 /* CoreAnimationVC.xib in Resources */,
				AF71B20822DDC50C008DE695 /* LearnCopyVC.xib in Resources */,
				9783B90420CD341E00E30FD7 /* MVVMVC.xib in Resources */,
				AFFEC179230E3602001FAC72 /* JSPatch.js in Resources */,
				AF27F22F218C0A80001FDFC2 /* OpenGLVC.xib in Resources */,
				AF53E4CA238D3CE600E89EB9 /* UIControlVC.xib in Resources */,
				AFFEC184230E3902001FAC72 /* JSPatchTestVC.xib in Resources */,
				AFFEC189230E401C001FAC72 /* jsscript.js in Resources */,
				AF30451C218AF66600DA36D2 /* lol.mov in Resources */,
				AF2BED7F21928EC4007FB28E /* RXSwiftVC.xib in Resources */,
				AF36862521C3BFE100EC0923 /* SizeClassVC.xib in Resources */,
				9783B8E320CD12AD00E30FD7 /* Main.storyboard in Resources */,
				AF7C882D229E26F600988C98 /* Assets.xcassets in Resources */,
				AF13A22722379214008B91DD /* LuckVC.xib in Resources */,
				AF4EEB932302C4D2001F298F /* MetalViewController.xib in Resources */,
			);
			runOnlyForDeploymentPostprocessing = 0;
		};
		AF3FF1182350678E00846C74 /* Resources */ = {
			isa = PBXResourcesBuildPhase;
			buildActionMask = 2147483647;
			files = (
			);
			runOnlyForDeploymentPostprocessing = 0;
		};
		AF3FF126235067A300846C74 /* Resources */ = {
			isa = PBXResourcesBuildPhase;
			buildActionMask = 2147483647;
			files = (
			);
			runOnlyForDeploymentPostprocessing = 0;
		};
		AF3FF1372350736500846C74 /* Resources */ = {
			isa = PBXResourcesBuildPhase;
			buildActionMask = 2147483647;
			files = (
			);
			runOnlyForDeploymentPostprocessing = 0;
		};
		AF7C8818229E263D00988C98 /* Resources */ = {
			isa = PBXResourcesBuildPhase;
			buildActionMask = 2147483647;
			files = (
				AF7C8827229E263F00988C98 /* LaunchScreen.storyboard in Resources */,
				AF7C8824229E263F00988C98 /* Assets.xcassets in Resources */,
				AF7C8831229E275D00988C98 /* Media.xcassets in Resources */,
				AF7C8822229E263D00988C98 /* Main.storyboard in Resources */,
			);
			runOnlyForDeploymentPostprocessing = 0;
		};
/* End PBXResourcesBuildPhase section */

/* Begin PBXShellScriptBuildPhase section */
		09CDCADC04EA1F380FF615CC /* [CP] Check Pods Manifest.lock */ = {
			isa = PBXShellScriptBuildPhase;
			buildActionMask = 2147483647;
			files = (
			);
			inputFileListPaths = (
			);
			inputPaths = (
				"${PODS_PODFILE_DIR_PATH}/Podfile.lock",
				"${PODS_ROOT}/Manifest.lock",
			);
			name = "[CP] Check Pods Manifest.lock";
			outputFileListPaths = (
			);
			outputPaths = (
				"$(DERIVED_FILE_DIR)/Pods-Demo-checkManifestLockResult.txt",
			);
			runOnlyForDeploymentPostprocessing = 0;
			shellPath = /bin/sh;
			shellScript = "diff \"${PODS_PODFILE_DIR_PATH}/Podfile.lock\" \"${PODS_ROOT}/Manifest.lock\" > /dev/null\nif [ $? != 0 ] ; then\n    # print error to STDERR\n    echo \"error: The sandbox is not in sync with the Podfile.lock. Run 'pod install' or update your CocoaPods installation.\" >&2\n    exit 1\nfi\n# This output is used by Xcode 'outputs' to avoid re-running this script phase.\necho \"SUCCESS\" > \"${SCRIPT_OUTPUT_FILE_0}\"\n";
			showEnvVarsInLog = 0;
		};
		5922AF0CB70901FBAF2F09B6 /* [CP] Embed Pods Frameworks */ = {
			isa = PBXShellScriptBuildPhase;
			buildActionMask = 2147483647;
			files = (
			);
			inputFileListPaths = (
				"${PODS_ROOT}/Target Support Files/Pods-Demo/Pods-Demo-frameworks-${CONFIGURATION}-input-files.xcfilelist",
			);
			name = "[CP] Embed Pods Frameworks";
			outputFileListPaths = (
				"${PODS_ROOT}/Target Support Files/Pods-Demo/Pods-Demo-frameworks-${CONFIGURATION}-output-files.xcfilelist",
			);
			runOnlyForDeploymentPostprocessing = 0;
			shellPath = /bin/sh;
			shellScript = "\"${PODS_ROOT}/Target Support Files/Pods-Demo/Pods-Demo-frameworks.sh\"\n";
			showEnvVarsInLog = 0;
		};
/* End PBXShellScriptBuildPhase section */

/* Begin PBXSourcesBuildPhase section */
		9783B8D620CD12AD00E30FD7 /* Sources */ = {
			isa = PBXSourcesBuildPhase;
			buildActionMask = 2147483647;
			files = (
				AF3832D522E00D8D00E1580F /* Observable+ObjectMapper.swift in Sources */,
				AF4119A12375617F008AF601 /* CAGradientLayerVC.swift in Sources */,
				AF2C8BD32193D66F00BA9492 /* AppDebugger.m in Sources */,
				AFA648BA22CF3F5100B02CD0 /* UITableView+Extension.swift in Sources */,
				AFA648BB22CF3F5100B02CD0 /* UINavigation+Extension.swift in Sources */,
				9772816E20D0AC88004E8E4F /* TransitionVC.swift in Sources */,
				AFFEC178230E3602001FAC72 /* JPEngine.m in Sources */,
				AF1B77C7221D6633008D9AF6 /* OverTimeHandler.swift in Sources */,
				AF3832DB22E00EA800E1580F /* NotificationName.swift in Sources */,
				9783B90320CD341E00E30FD7 /* MVVMVC.swift in Sources */,
				9783B8E020CD12AD00E30FD7 /* ViewController.swift in Sources */,
				9744CE6120FF155A00EBD3DE /* BaseVC.swift in Sources */,
				AF14A2CD21883E3C0081487A /* RadarVC.swift in Sources */,
				AF4EEB8F2302C39E001F298F /* MetalView.swift in Sources */,
				AFF7A59A21957025003A4CA5 /* SQLDB.swift in Sources */,
				AF53E4C9238D3CE600E89EB9 /* UIControlVC.swift in Sources */,
				AF2BED7E21928EC4007FB28E /* RXSwiftVC.swift in Sources */,
				AF26EAD0231774A700D61AF6 /* Navigator.swift in Sources */,
				AFFEC183230E3902001FAC72 /* JSPatchTestVC.m in Sources */,
				AFF0B87B2445767900FCACA8 /* Solution.swift in Sources */,
				AF2C8BD22193D66F00BA9492 /* ShowFlex.m in Sources */,
				AF42F43D22719E96004979AB /* LuckNumbersDb.swift in Sources */,
				AFA648B922CF3F5100B02CD0 /* String+Extension.swift in Sources */,
				AF3832D622E00D8D00E1580F /* AccessTokenPlugin.swift in Sources */,
				AF1380D1223CAB1200AB2E0D /* LeetCode.swift in Sources */,
				AF3832D422E00D8D00E1580F /* ApiService.swift in Sources */,
				9783B8F320CD1D4B00E30FD7 /* CALayerVC.swift in Sources */,
				9744CE6320FF172600EBD3DE /* GifBGVC.swift in Sources */,
				AF3832E422E00F4700E1580F /* MiNavigationConroller.swift in Sources */,
				AF42F43B22719863004979AB /* PreviousLuckDatas.swift in Sources */,
				AF4EEB922302C4D2001F298F /* MetalViewController.swift in Sources */,
				AF09856E23225D6C002B003B /* LintCode.cpp in Sources */,
				AF09857223226025002B003B /* CppBridge.mm in Sources */,
				AF2C8BD52193D66F00BA9492 /* ChartConsole.m in Sources */,
				AF26EACC2317724C00D61AF6 /* VCMap.swift in Sources */,
				9783B8FB20CD1E2F00E30FD7 /* Router.swift in Sources */,
				AFA758F5224B706C008440F0 /* SomeControls.swift in Sources */,
				9783B8F720CD1D6800E30FD7 /* CoreAnimationVC.swift in Sources */,
				AF2C8BD62193D66F00BA9492 /* ShowNavigator.m in Sources */,
				AF26EACA2317714F00D61AF6 /* OCTestVC.m in Sources */,
				AF3832D722E00D8D00E1580F /* MD5Model.swift in Sources */,
				AF13A22622379214008B91DD /* LuckVC.swift in Sources */,
				AF13A22F2238B341008B91DD /* SDNetwork.swift in Sources */,
				AF1B05A421BA2F6200A44FE4 /* UIView+Extension.swift in Sources */,
				AF60BAB62268269000AE592D /* Throttle.swift in Sources */,
				AF234DDE22F821CA00A1A490 /* UILabel+swizzle.m in Sources */,
				AF60BAB42268240B00AE592D /* Debouncer.swift in Sources */,
				9744CE6520FF173F00EBD3DE /* RotaryTableVC.swift in Sources */,
				AF3832E322E00F4700E1580F /* UserDefaultStaticStrings.swift in Sources */,
				AFB4707B2201A89B002B27C7 /* Annotation.swift in Sources */,
				AF27F22E218C0A80001FDFC2 /* OpenGLVC.swift in Sources */,
				AF234DE322F822CA00A1A490 /* SourceCode.m in Sources */,
				AF2C8BD72193D66F00BA9492 /* CheckAnalysis.m in Sources */,
				AF71B20722DDC50C008DE695 /* LearnCopyVC.swift in Sources */,
				AF7FA3E12181A052001BB669 /* SceneKitVC.swift in Sources */,
				AF188CD522D6DF4300DFE15D /* BatteryInfo.m in Sources */,
				AF36862421C3BFE100EC0923 /* SizeClassVC.swift in Sources */,
				AF27F231218C1649001FDFC2 /* DrawingBoardView.swift in Sources */,
				AF243CE322A907BD00809768 /* RedPointProtocol.swift in Sources */,
				AF3832DC22E00EA800E1580F /* AppConfig.swift in Sources */,
				AF2C8BD42193D66F00BA9492 /* SwitchServer.m in Sources */,
				AF304520218AFFBC00DA36D2 /* CAShapeLayerVC.swift in Sources */,
				9783B8DE20CD12AD00E30FD7 /* AppDelegate.swift in Sources */,
				AF3832D322E00D8D00E1580F /* YunweiMgr.swift in Sources */,
				AF97A58124513B6100F3D460 /* Shaders.metal in Sources */,
				AFF7A59821956FD6003A4CA5 /* SQLiteVC.swift in Sources */,
				975386BA21660A4800B5BE32 /* MetalVC.swift in Sources */,
				AFB67CBB235EEB220066D49E /* SwiftUIView.swift in Sources */,
				AF2C8BD12193D66F00BA9492 /* ShowMemory.m in Sources */,
				AF14A2CF21883E5A0081487A /* RadarView.swift in Sources */,
			);
			runOnlyForDeploymentPostprocessing = 0;
		};
		AF27F21C218BFE99001FDFC2 /* Sources */ = {
			isa = PBXSourcesBuildPhase;
			buildActionMask = 2147483647;
			files = (
			);
			runOnlyForDeploymentPostprocessing = 0;
		};
		AF3FF1162350678E00846C74 /* Sources */ = {
			isa = PBXSourcesBuildPhase;
			buildActionMask = 2147483647;
			files = (
				AF3FF13323506AFA00846C74 /* VCTest.swift in Sources */,
				AF3FF11D2350678E00846C74 /* DemoTests.swift in Sources */,
			);
			runOnlyForDeploymentPostprocessing = 0;
		};
		AF3FF124235067A300846C74 /* Sources */ = {
			isa = PBXSourcesBuildPhase;
			buildActionMask = 2147483647;
			files = (
				AF3FF12B235067A300846C74 /* DemoUITests.swift in Sources */,
			);
			runOnlyForDeploymentPostprocessing = 0;
		};
		AF3FF1352350736500846C74 /* Sources */ = {
			isa = PBXSourcesBuildPhase;
			buildActionMask = 2147483647;
			files = (
				AF3FF13C2350736500846C74 /* TargetTwoUITests.swift in Sources */,
			);
			runOnlyForDeploymentPostprocessing = 0;
		};
		AF7C8816229E263D00988C98 /* Sources */ = {
			isa = PBXSourcesBuildPhase;
			buildActionMask = 2147483647;
			files = (
				AF7C881F229E263D00988C98 /* ViewController.swift in Sources */,
				AF7C881D229E263D00988C98 /* AppDelegate.swift in Sources */,
			);
			runOnlyForDeploymentPostprocessing = 0;
		};
/* End PBXSourcesBuildPhase section */

/* Begin PBXTargetDependency section */
		AF3FF1202350678E00846C74 /* PBXTargetDependency */ = {
			isa = PBXTargetDependency;
			target = 9783B8D920CD12AD00E30FD7 /* Demo */;
			targetProxy = AF3FF11F2350678E00846C74 /* PBXContainerItemProxy */;
		};
		AF3FF12E235067A300846C74 /* PBXTargetDependency */ = {
			isa = PBXTargetDependency;
			target = 9783B8D920CD12AD00E30FD7 /* Demo */;
			targetProxy = AF3FF12D235067A300846C74 /* PBXContainerItemProxy */;
		};
		AF3FF13F2350736500846C74 /* PBXTargetDependency */ = {
			isa = PBXTargetDependency;
			target = AF7C8819229E263D00988C98 /* TargetTwo */;
			targetProxy = AF3FF13E2350736500846C74 /* PBXContainerItemProxy */;
		};
/* End PBXTargetDependency section */

/* Begin PBXVariantGroup section */
		9783B8E120CD12AD00E30FD7 /* Main.storyboard */ = {
			isa = PBXVariantGroup;
			children = (
				9783B8E220CD12AD00E30FD7 /* Base */,
			);
			name = Main.storyboard;
			sourceTree = "<group>";
		};
		9783B8E620CD12AF00E30FD7 /* LaunchScreen.storyboard */ = {
			isa = PBXVariantGroup;
			children = (
				9783B8E720CD12AF00E30FD7 /* Base */,
			);
			name = LaunchScreen.storyboard;
			sourceTree = "<group>";
		};
		AF7C8820229E263D00988C98 /* Main.storyboard */ = {
			isa = PBXVariantGroup;
			children = (
				AF7C8821229E263D00988C98 /* Base */,
			);
			name = Main.storyboard;
			sourceTree = "<group>";
		};
		AF7C8825229E263F00988C98 /* LaunchScreen.storyboard */ = {
			isa = PBXVariantGroup;
			children = (
				AF7C8826229E263F00988C98 /* Base */,
			);
			name = LaunchScreen.storyboard;
			sourceTree = "<group>";
		};
/* End PBXVariantGroup section */

/* Begin XCBuildConfiguration section */
		9783B8EA20CD12AF00E30FD7 /* Debug */ = {
			isa = XCBuildConfiguration;
			buildSettings = {
				ALWAYS_EMBED_SWIFT_STANDARD_LIBRARIES = YES;
				ALWAYS_SEARCH_USER_PATHS = NO;
				CLANG_ANALYZER_NONNULL = YES;
				CLANG_ANALYZER_NUMBER_OBJECT_CONVERSION = YES_AGGRESSIVE;
				CLANG_CXX_LANGUAGE_STANDARD = "gnu++14";
				CLANG_CXX_LIBRARY = "libc++";
				CLANG_ENABLE_MODULES = YES;
				CLANG_ENABLE_OBJC_ARC = YES;
				CLANG_ENABLE_OBJC_WEAK = YES;
				CLANG_WARN_BLOCK_CAPTURE_AUTORELEASING = YES;
				CLANG_WARN_BOOL_CONVERSION = YES;
				CLANG_WARN_COMMA = YES;
				CLANG_WARN_CONSTANT_CONVERSION = YES;
				CLANG_WARN_DEPRECATED_OBJC_IMPLEMENTATIONS = YES;
				CLANG_WARN_DIRECT_OBJC_ISA_USAGE = YES_ERROR;
				CLANG_WARN_DOCUMENTATION_COMMENTS = YES;
				CLANG_WARN_EMPTY_BODY = YES;
				CLANG_WARN_ENUM_CONVERSION = YES;
				CLANG_WARN_INFINITE_RECURSION = YES;
				CLANG_WARN_INT_CONVERSION = YES;
				CLANG_WARN_NON_LITERAL_NULL_CONVERSION = YES;
				CLANG_WARN_OBJC_IMPLICIT_RETAIN_SELF = YES;
				CLANG_WARN_OBJC_LITERAL_CONVERSION = YES;
				CLANG_WARN_OBJC_ROOT_CLASS = YES_ERROR;
				CLANG_WARN_RANGE_LOOP_ANALYSIS = YES;
				CLANG_WARN_STRICT_PROTOTYPES = YES;
				CLANG_WARN_SUSPICIOUS_MOVE = YES;
				CLANG_WARN_UNGUARDED_AVAILABILITY = YES_AGGRESSIVE;
				CLANG_WARN_UNREACHABLE_CODE = YES;
				CLANG_WARN__DUPLICATE_METHOD_MATCH = YES;
				CODE_SIGN_IDENTITY = "iPhone Developer";
				COPY_PHASE_STRIP = NO;
				DEBUG_INFORMATION_FORMAT = dwarf;
				ENABLE_BITCODE = NO;
				ENABLE_STRICT_OBJC_MSGSEND = YES;
				ENABLE_TESTABILITY = YES;
				GCC_C_LANGUAGE_STANDARD = gnu11;
				GCC_DYNAMIC_NO_PIC = NO;
				GCC_NO_COMMON_BLOCKS = YES;
				GCC_OPTIMIZATION_LEVEL = 0;
				GCC_PREPROCESSOR_DEFINITIONS = (
					"DEBUG=1",
					"$(inherited)",
				);
				GCC_WARN_64_TO_32_BIT_CONVERSION = YES;
				GCC_WARN_ABOUT_RETURN_TYPE = YES_ERROR;
				GCC_WARN_UNDECLARED_SELECTOR = YES;
				GCC_WARN_UNINITIALIZED_AUTOS = YES_AGGRESSIVE;
				GCC_WARN_UNUSED_FUNCTION = YES;
				GCC_WARN_UNUSED_VARIABLE = YES;
				IPHONEOS_DEPLOYMENT_TARGET = 11.4;
				MTL_ENABLE_DEBUG_INFO = YES;
				ONLY_ACTIVE_ARCH = YES;
				SDKROOT = iphoneos;
				SWIFT_ACTIVE_COMPILATION_CONDITIONS = DEBUG;
				SWIFT_OPTIMIZATION_LEVEL = "-Onone";
				SWIFT_VERSION = 5.0;
			};
			name = Debug;
		};
		9783B8EB20CD12AF00E30FD7 /* Release */ = {
			isa = XCBuildConfiguration;
			buildSettings = {
				ALWAYS_EMBED_SWIFT_STANDARD_LIBRARIES = YES;
				ALWAYS_SEARCH_USER_PATHS = NO;
				CLANG_ANALYZER_NONNULL = YES;
				CLANG_ANALYZER_NUMBER_OBJECT_CONVERSION = YES_AGGRESSIVE;
				CLANG_CXX_LANGUAGE_STANDARD = "gnu++14";
				CLANG_CXX_LIBRARY = "libc++";
				CLANG_ENABLE_MODULES = YES;
				CLANG_ENABLE_OBJC_ARC = YES;
				CLANG_ENABLE_OBJC_WEAK = YES;
				CLANG_WARN_BLOCK_CAPTURE_AUTORELEASING = YES;
				CLANG_WARN_BOOL_CONVERSION = YES;
				CLANG_WARN_COMMA = YES;
				CLANG_WARN_CONSTANT_CONVERSION = YES;
				CLANG_WARN_DEPRECATED_OBJC_IMPLEMENTATIONS = YES;
				CLANG_WARN_DIRECT_OBJC_ISA_USAGE = YES_ERROR;
				CLANG_WARN_DOCUMENTATION_COMMENTS = YES;
				CLANG_WARN_EMPTY_BODY = YES;
				CLANG_WARN_ENUM_CONVERSION = YES;
				CLANG_WARN_INFINITE_RECURSION = YES;
				CLANG_WARN_INT_CONVERSION = YES;
				CLANG_WARN_NON_LITERAL_NULL_CONVERSION = YES;
				CLANG_WARN_OBJC_IMPLICIT_RETAIN_SELF = YES;
				CLANG_WARN_OBJC_LITERAL_CONVERSION = YES;
				CLANG_WARN_OBJC_ROOT_CLASS = YES_ERROR;
				CLANG_WARN_RANGE_LOOP_ANALYSIS = YES;
				CLANG_WARN_STRICT_PROTOTYPES = YES;
				CLANG_WARN_SUSPICIOUS_MOVE = YES;
				CLANG_WARN_UNGUARDED_AVAILABILITY = YES_AGGRESSIVE;
				CLANG_WARN_UNREACHABLE_CODE = YES;
				CLANG_WARN__DUPLICATE_METHOD_MATCH = YES;
				CODE_SIGN_IDENTITY = "iPhone Developer";
				COPY_PHASE_STRIP = NO;
				DEBUG_INFORMATION_FORMAT = "dwarf-with-dsym";
				ENABLE_BITCODE = NO;
				ENABLE_NS_ASSERTIONS = NO;
				ENABLE_STRICT_OBJC_MSGSEND = YES;
				GCC_C_LANGUAGE_STANDARD = gnu11;
				GCC_NO_COMMON_BLOCKS = YES;
				GCC_WARN_64_TO_32_BIT_CONVERSION = YES;
				GCC_WARN_ABOUT_RETURN_TYPE = YES_ERROR;
				GCC_WARN_UNDECLARED_SELECTOR = YES;
				GCC_WARN_UNINITIALIZED_AUTOS = YES_AGGRESSIVE;
				GCC_WARN_UNUSED_FUNCTION = YES;
				GCC_WARN_UNUSED_VARIABLE = YES;
				IPHONEOS_DEPLOYMENT_TARGET = 11.4;
				MTL_ENABLE_DEBUG_INFO = NO;
				SDKROOT = iphoneos;
				SWIFT_COMPILATION_MODE = wholemodule;
				SWIFT_OPTIMIZATION_LEVEL = "-O";
				SWIFT_VERSION = 5.0;
				VALIDATE_PRODUCT = YES;
			};
			name = Release;
		};
		9783B8ED20CD12AF00E30FD7 /* Debug */ = {
			isa = XCBuildConfiguration;
			baseConfigurationReference = A6DA9D8A6B6E185481083FF5 /* Pods-Demo.debug.xcconfig */;
			buildSettings = {
				ASSETCATALOG_COMPILER_APPICON_NAME = AppIcon;
				CODE_SIGN_STYLE = Automatic;
				DEVELOPMENT_TEAM = LQQGDZBGK3;
				ENABLE_BITCODE = NO;
				ENABLE_TESTABILITY = NO;
				FRAMEWORK_SEARCH_PATHS = "$(inherited)";
				INFOPLIST_FILE = Demo/Info.plist;
				IPHONEOS_DEPLOYMENT_TARGET = 11.0;
				LD_RUNPATH_SEARCH_PATHS = (
					"$(inherited)",
					"@executable_path/Frameworks",
				);
				LIBRARY_SEARCH_PATHS = "$(inherited)";
				MACH_O_TYPE = mh_execute;
				OTHER_LDFLAGS = (
					"-l\"c++\"",
					"$(inherited)",
					"-framework",
					"\"FBRetainCycleDetector\"",
					"-framework",
					"\"FLEX\"",
					"-framework",
					"\"MLeaksFinder\"",
					"-framework",
					"\"RxCocoa\"",
					"-framework",
					"\"RxSwift\"",
					"-framework",
					"\"SSZipArchive\"",
					"-framework",
					"\"SQLite\"",
					"-framework",
					"\"Yaml\"",
					"-ObjC",
				);
				PRODUCT_BUNDLE_IDENTIFIER = wbxiaowangzi.Demo;
				PRODUCT_NAME = "$(TARGET_NAME)";
				SWIFT_OBJC_BRIDGING_HEADER = "Demo/Demo-Bridging-Header.h";
				SWIFT_VERSION = 4.2;
				TARGETED_DEVICE_FAMILY = "1,2";
				VALID_ARCHS = arm64;
			};
			name = Debug;
		};
		9783B8EE20CD12AF00E30FD7 /* Release */ = {
			isa = XCBuildConfiguration;
			baseConfigurationReference = 0A736B16B89349DFCDB1C68C /* Pods-Demo.release.xcconfig */;
			buildSettings = {
				ASSETCATALOG_COMPILER_APPICON_NAME = AppIcon;
				CODE_SIGN_STYLE = Automatic;
				DEVELOPMENT_TEAM = LQQGDZBGK3;
				ENABLE_BITCODE = NO;
				ENABLE_TESTABILITY = NO;
				FRAMEWORK_SEARCH_PATHS = "$(inherited)";
				INFOPLIST_FILE = Demo/Info.plist;
				IPHONEOS_DEPLOYMENT_TARGET = 11.0;
				LD_RUNPATH_SEARCH_PATHS = (
					"$(inherited)",
					"@executable_path/Frameworks",
				);
				LIBRARY_SEARCH_PATHS = "$(inherited)";
				MACH_O_TYPE = mh_execute;
				OTHER_LDFLAGS = (
					"-l\"c++\"",
					"$(inherited)",
					"-framework",
					"\"FBRetainCycleDetector\"",
					"-framework",
					"\"FLEX\"",
					"-framework",
					"\"MLeaksFinder\"",
					"-framework",
					"\"RxCocoa\"",
					"-framework",
					"\"RxSwift\"",
					"-framework",
					"\"SSZipArchive\"",
					"-framework",
					"\"SQLite\"",
					"-framework",
					"\"Yaml\"",
					"-ObjC",
				);
				PRODUCT_BUNDLE_IDENTIFIER = wbxiaowangzi.Demo;
				PRODUCT_NAME = "$(TARGET_NAME)";
				SWIFT_OBJC_BRIDGING_HEADER = "Demo/Demo-Bridging-Header.h";
				SWIFT_VERSION = 4.2;
				TARGETED_DEVICE_FAMILY = "1,2";
				VALID_ARCHS = arm64;
			};
			name = Release;
		};
		AF27F225218BFE99001FDFC2 /* Debug */ = {
			isa = XCBuildConfiguration;
			buildSettings = {
				CODE_SIGN_IDENTITY = "Mac Developer";
				CODE_SIGN_STYLE = Automatic;
				DEVELOPMENT_TEAM = SLU2Z8YYU3;
				MACOSX_DEPLOYMENT_TARGET = 10.14;
				MTL_ENABLE_DEBUG_INFO = INCLUDE_SOURCE;
				MTL_FAST_MATH = YES;
				PRODUCT_NAME = "$(TARGET_NAME)";
				SDKROOT = macosx;
				SWIFT_VERSION = 4.2;
			};
			name = Debug;
		};
		AF27F226218BFE99001FDFC2 /* Release */ = {
			isa = XCBuildConfiguration;
			buildSettings = {
				CODE_SIGN_IDENTITY = "Mac Developer";
				CODE_SIGN_STYLE = Automatic;
				DEVELOPMENT_TEAM = SLU2Z8YYU3;
				MACOSX_DEPLOYMENT_TARGET = 10.14;
				MTL_FAST_MATH = YES;
				PRODUCT_NAME = "$(TARGET_NAME)";
				SDKROOT = macosx;
				SWIFT_VERSION = 4.2;
			};
			name = Release;
		};
		AF3FF1222350678E00846C74 /* Debug */ = {
			isa = XCBuildConfiguration;
			buildSettings = {
				BUNDLE_LOADER = "$(TEST_HOST)";
				"CODE_SIGN_IDENTITY[sdk=macosx*]" = "Apple Development";
				CODE_SIGN_STYLE = Automatic;
				DEVELOPMENT_TEAM = SLU2Z8YYU3;
				INFOPLIST_FILE = DemoTests/Info.plist;
				IPHONEOS_DEPLOYMENT_TARGET = 13.1;
				LD_RUNPATH_SEARCH_PATHS = (
					"$(inherited)",
					"@executable_path/Frameworks",
					"@loader_path/Frameworks",
				);
				MTL_ENABLE_DEBUG_INFO = INCLUDE_SOURCE;
				MTL_FAST_MATH = YES;
				PRODUCT_BUNDLE_IDENTIFIER = wangbo.DemoTests;
				PRODUCT_NAME = "$(TARGET_NAME)";
				SWIFT_VERSION = 5.0;
				TARGETED_DEVICE_FAMILY = "1,2";
				TEST_HOST = "$(BUILT_PRODUCTS_DIR)/Demo.app/Demo";
			};
			name = Debug;
		};
		AF3FF1232350678E00846C74 /* Release */ = {
			isa = XCBuildConfiguration;
			buildSettings = {
				BUNDLE_LOADER = "$(TEST_HOST)";
				"CODE_SIGN_IDENTITY[sdk=macosx*]" = "Apple Development";
				CODE_SIGN_STYLE = Automatic;
				DEVELOPMENT_TEAM = SLU2Z8YYU3;
				INFOPLIST_FILE = DemoTests/Info.plist;
				IPHONEOS_DEPLOYMENT_TARGET = 13.1;
				LD_RUNPATH_SEARCH_PATHS = (
					"$(inherited)",
					"@executable_path/Frameworks",
					"@loader_path/Frameworks",
				);
				MTL_FAST_MATH = YES;
				PRODUCT_BUNDLE_IDENTIFIER = wangbo.DemoTests;
				PRODUCT_NAME = "$(TARGET_NAME)";
				SWIFT_VERSION = 5.0;
				TARGETED_DEVICE_FAMILY = "1,2";
				TEST_HOST = "$(BUILT_PRODUCTS_DIR)/Demo.app/Demo";
			};
			name = Release;
		};
		AF3FF130235067A300846C74 /* Debug */ = {
			isa = XCBuildConfiguration;
			buildSettings = {
				"CODE_SIGN_IDENTITY[sdk=macosx*]" = "-";
				CODE_SIGN_STYLE = Automatic;
				DEVELOPMENT_TEAM = LQQGDZBGK3;
				INFOPLIST_FILE = DemoUITests/Info.plist;
				IPHONEOS_DEPLOYMENT_TARGET = 13.1;
				LD_RUNPATH_SEARCH_PATHS = (
					"$(inherited)",
					"@executable_path/Frameworks",
					"@loader_path/Frameworks",
				);
				MTL_ENABLE_DEBUG_INFO = INCLUDE_SOURCE;
				MTL_FAST_MATH = YES;
				PRODUCT_BUNDLE_IDENTIFIER = wangbo.DemoUITests;
				PRODUCT_NAME = "$(TARGET_NAME)";
				SWIFT_VERSION = 5.0;
				TARGETED_DEVICE_FAMILY = "1,2";
				TEST_TARGET_NAME = Demo;
			};
			name = Debug;
		};
		AF3FF131235067A300846C74 /* Release */ = {
			isa = XCBuildConfiguration;
			buildSettings = {
				"CODE_SIGN_IDENTITY[sdk=macosx*]" = "-";
				CODE_SIGN_STYLE = Automatic;
				DEVELOPMENT_TEAM = LQQGDZBGK3;
				INFOPLIST_FILE = DemoUITests/Info.plist;
				IPHONEOS_DEPLOYMENT_TARGET = 13.1;
				LD_RUNPATH_SEARCH_PATHS = (
					"$(inherited)",
					"@executable_path/Frameworks",
					"@loader_path/Frameworks",
				);
				MTL_FAST_MATH = YES;
				PRODUCT_BUNDLE_IDENTIFIER = wangbo.DemoUITests;
				PRODUCT_NAME = "$(TARGET_NAME)";
				SWIFT_VERSION = 5.0;
				TARGETED_DEVICE_FAMILY = "1,2";
				TEST_TARGET_NAME = Demo;
			};
			name = Release;
		};
		AF3FF1412350736500846C74 /* Debug */ = {
			isa = XCBuildConfiguration;
			buildSettings = {
				"CODE_SIGN_IDENTITY[sdk=macosx*]" = "-";
				CODE_SIGN_STYLE = Automatic;
				DEVELOPMENT_TEAM = LQQGDZBGK3;
				INFOPLIST_FILE = TargetTwoUITests/Info.plist;
				IPHONEOS_DEPLOYMENT_TARGET = 13.1;
				LD_RUNPATH_SEARCH_PATHS = (
					"$(inherited)",
					"@executable_path/Frameworks",
					"@loader_path/Frameworks",
				);
				MTL_ENABLE_DEBUG_INFO = INCLUDE_SOURCE;
				MTL_FAST_MATH = YES;
				PRODUCT_BUNDLE_IDENTIFIER = wangbo.TargetTwoUITests;
				PRODUCT_NAME = "$(TARGET_NAME)";
				SWIFT_VERSION = 5.0;
				TARGETED_DEVICE_FAMILY = "1,2";
				TEST_TARGET_NAME = TargetTwo;
			};
			name = Debug;
		};
		AF3FF1422350736500846C74 /* Release */ = {
			isa = XCBuildConfiguration;
			buildSettings = {
				"CODE_SIGN_IDENTITY[sdk=macosx*]" = "-";
				CODE_SIGN_STYLE = Automatic;
				DEVELOPMENT_TEAM = LQQGDZBGK3;
				INFOPLIST_FILE = TargetTwoUITests/Info.plist;
				IPHONEOS_DEPLOYMENT_TARGET = 13.1;
				LD_RUNPATH_SEARCH_PATHS = (
					"$(inherited)",
					"@executable_path/Frameworks",
					"@loader_path/Frameworks",
				);
				MTL_FAST_MATH = YES;
				PRODUCT_BUNDLE_IDENTIFIER = wangbo.TargetTwoUITests;
				PRODUCT_NAME = "$(TARGET_NAME)";
				SWIFT_VERSION = 5.0;
				TARGETED_DEVICE_FAMILY = "1,2";
				TEST_TARGET_NAME = TargetTwo;
			};
			name = Release;
		};
		AF7C8829229E263F00988C98 /* Debug */ = {
			isa = XCBuildConfiguration;
			buildSettings = {
				ASSETCATALOG_COMPILER_APPICON_NAME = AppIcon;
				CODE_SIGN_STYLE = Automatic;
				DEVELOPMENT_TEAM = LQQGDZBGK3;
				INFOPLIST_FILE = TargetTwo/Info.plist;
				IPHONEOS_DEPLOYMENT_TARGET = 12.0;
				LD_RUNPATH_SEARCH_PATHS = (
					"$(inherited)",
					"@executable_path/Frameworks",
				);
				MTL_ENABLE_DEBUG_INFO = INCLUDE_SOURCE;
				MTL_FAST_MATH = YES;
				PRODUCT_BUNDLE_IDENTIFIER = yingzi.Demo.TargetTwo;
				PRODUCT_NAME = "$(TARGET_NAME)";
				SWIFT_VERSION = 5.0;
				TARGETED_DEVICE_FAMILY = "1,2";
			};
			name = Debug;
		};
		AF7C882A229E263F00988C98 /* Release */ = {
			isa = XCBuildConfiguration;
			buildSettings = {
				ASSETCATALOG_COMPILER_APPICON_NAME = AppIcon;
				CODE_SIGN_STYLE = Automatic;
				DEVELOPMENT_TEAM = LQQGDZBGK3;
				INFOPLIST_FILE = TargetTwo/Info.plist;
				IPHONEOS_DEPLOYMENT_TARGET = 12.0;
				LD_RUNPATH_SEARCH_PATHS = (
					"$(inherited)",
					"@executable_path/Frameworks",
				);
				MTL_FAST_MATH = YES;
				PRODUCT_BUNDLE_IDENTIFIER = yingzi.Demo.TargetTwo;
				PRODUCT_NAME = "$(TARGET_NAME)";
				SWIFT_VERSION = 5.0;
				TARGETED_DEVICE_FAMILY = "1,2";
			};
			name = Release;
		};
/* End XCBuildConfiguration section */

/* Begin XCConfigurationList section */
		9783B8D520CD12AD00E30FD7 /* Build configuration list for PBXProject "Demo" */ = {
			isa = XCConfigurationList;
			buildConfigurations = (
				9783B8EA20CD12AF00E30FD7 /* Debug */,
				9783B8EB20CD12AF00E30FD7 /* Release */,
			);
			defaultConfigurationIsVisible = 0;
			defaultConfigurationName = Release;
		};
		9783B8EC20CD12AF00E30FD7 /* Build configuration list for PBXNativeTarget "Demo" */ = {
			isa = XCConfigurationList;
			buildConfigurations = (
				9783B8ED20CD12AF00E30FD7 /* Debug */,
				9783B8EE20CD12AF00E30FD7 /* Release */,
			);
			defaultConfigurationIsVisible = 0;
			defaultConfigurationName = Release;
		};
		AF27F224218BFE99001FDFC2 /* Build configuration list for PBXNativeTarget "OpenGL" */ = {
			isa = XCConfigurationList;
			buildConfigurations = (
				AF27F225218BFE99001FDFC2 /* Debug */,
				AF27F226218BFE99001FDFC2 /* Release */,
			);
			defaultConfigurationIsVisible = 0;
			defaultConfigurationName = Release;
		};
		AF3FF1212350678E00846C74 /* Build configuration list for PBXNativeTarget "DemoTests" */ = {
			isa = XCConfigurationList;
			buildConfigurations = (
				AF3FF1222350678E00846C74 /* Debug */,
				AF3FF1232350678E00846C74 /* Release */,
			);
			defaultConfigurationIsVisible = 0;
			defaultConfigurationName = Release;
		};
		AF3FF12F235067A300846C74 /* Build configuration list for PBXNativeTarget "DemoUITests" */ = {
			isa = XCConfigurationList;
			buildConfigurations = (
				AF3FF130235067A300846C74 /* Debug */,
				AF3FF131235067A300846C74 /* Release */,
			);
			defaultConfigurationIsVisible = 0;
			defaultConfigurationName = Release;
		};
		AF3FF1402350736500846C74 /* Build configuration list for PBXNativeTarget "TargetTwoUITests" */ = {
			isa = XCConfigurationList;
			buildConfigurations = (
				AF3FF1412350736500846C74 /* Debug */,
				AF3FF1422350736500846C74 /* Release */,
			);
			defaultConfigurationIsVisible = 0;
			defaultConfigurationName = Release;
		};
		AF7C882B229E263F00988C98 /* Build configuration list for PBXNativeTarget "TargetTwo" */ = {
			isa = XCConfigurationList;
			buildConfigurations = (
				AF7C8829229E263F00988C98 /* Debug */,
				AF7C882A229E263F00988C98 /* Release */,
			);
			defaultConfigurationIsVisible = 0;
			defaultConfigurationName = Release;
		};
/* End XCConfigurationList section */
	};
	rootObject = 9783B8D220CD12AD00E30FD7 /* Project object */;
}
