{
  "pins" : [
    {
      "identity" : "gsplayer",
      "kind" : "remoteSourceControl",
      "location" : "https://github.com/wxxsw/GSPlayer.git",
      "state" : {
        "revision" : "5904551cf33e0c38831fdc56c6a2c9770eadc30d",
        "version" : "0.2.25"
      }
    },
    {
      "identity" : "videoplayer",
      "kind" : "remoteSourceControl",
      "location" : "https://github.com/wxxsw/VideoPlayer",
      "state" : {
        "revision" : "3c5b9531ee20e34d3a86142ca2c076a5b99afdb2",
        "version" : "1.2.3"
      }
    }
  ],
  "version" : 2
}
